<?xml version="1.0" encoding="utf-8"?>
<Project ToolsVersion="4.0" xmlns="http://schemas.microsoft.com/developer/msbuild/2003">
  <ItemGroup>
    <Filter Include="HPL">
      <UniqueIdentifier>{4da21ebd-a31e-44da-8ed3-d2378223fd35}</UniqueIdentifier>
    </Filter>
    <Filter Include="HPL\Include">
      <UniqueIdentifier>{07df28da-59d3-4650-ab08-e2ba3acbfbfd}</UniqueIdentifier>
    </Filter>
    <Filter Include="HPL\Source">
      <UniqueIdentifier>{63dc379f-bcbf-434d-b9d9-8c9d8a977dab}</UniqueIdentifier>
    </Filter>
    <Filter Include="HPL\Source\AI">
      <UniqueIdentifier>{71269bed-4ca0-4196-931a-789cc33bc096}</UniqueIdentifier>
    </Filter>
    <Filter Include="HPL\Source\Game">
      <UniqueIdentifier>{4fd1e599-c0d3-413a-b071-dd814bb7fec1}</UniqueIdentifier>
    </Filter>
    <Filter Include="HPL\Source\Graphics">
      <UniqueIdentifier>{ccf33e3f-7081-4f60-a4b1-f95cbab139a9}</UniqueIdentifier>
    </Filter>
    <Filter Include="HPL\Source\GUI">
      <UniqueIdentifier>{b5a94f36-01cd-474c-a07a-640a8a2f4950}</UniqueIdentifier>
    </Filter>
    <Filter Include="HPL\Source\Haptic">
      <UniqueIdentifier>{855e4991-baa1-4dd3-a7cd-5976832022a5}</UniqueIdentifier>
    </Filter>
    <Filter Include="HPL\Source\Implementation">
      <UniqueIdentifier>{dcee42c3-ab3b-401d-8711-dd0a3d1eb69b}</UniqueIdentifier>
    </Filter>
    <Filter Include="HPL\Source\Input">
      <UniqueIdentifier>{7e8546f5-664d-4cb6-97ce-dbf743330060}</UniqueIdentifier>
    </Filter>
    <Filter Include="HPL\Source\Math">
      <UniqueIdentifier>{b6d6bc4d-5c1b-4cd5-8f41-b1f09259cc45}</UniqueIdentifier>
    </Filter>
    <Filter Include="HPL\Source\Physics">
      <UniqueIdentifier>{4b84a697-7aa4-44ee-b106-65f2a8d2fc3f}</UniqueIdentifier>
    </Filter>
    <Filter Include="HPL\Source\Resources">
      <UniqueIdentifier>{b3834899-297e-47ad-ac66-7e8328fd0712}</UniqueIdentifier>
    </Filter>
    <Filter Include="HPL\Source\Sound">
      <UniqueIdentifier>{f0456578-bbb3-44e4-b563-d3880a0e7973}</UniqueIdentifier>
    </Filter>
    <Filter Include="HPL\Source\Scene">
      <UniqueIdentifier>{4ba3a005-823c-485b-bf4d-190c5ee9cf6b}</UniqueIdentifier>
    </Filter>
    <Filter Include="HPL\Source\System">
      <UniqueIdentifier>{cd8f57cb-c8bc-48d6-974c-71f67f2b1342}</UniqueIdentifier>
    </Filter>
    <Filter Include="HPL\Source\Implementation\Platform">
      <UniqueIdentifier>{86d78b86-f9f1-4166-ba7b-3acae37fcb58}</UniqueIdentifier>
    </Filter>
    <Filter Include="HPL\Source\Implementation\TinyXML">
      <UniqueIdentifier>{7053c754-8cbc-4066-a74e-a13eabb0bee2}</UniqueIdentifier>
    </Filter>
    <Filter Include="HPL\Include\AI">
      <UniqueIdentifier>{b7e81b31-89f2-417e-9728-837ef5d0db5e}</UniqueIdentifier>
    </Filter>
    <Filter Include="HPL\Include\Game">
      <UniqueIdentifier>{5ce21bdc-9922-44ed-ac9c-914b02a100a8}</UniqueIdentifier>
    </Filter>
    <Filter Include="HPL\Include\GL">
      <UniqueIdentifier>{fd42e819-7c95-4fd9-9e49-9aca14af1878}</UniqueIdentifier>
    </Filter>
    <Filter Include="HPL\Include\Graphics">
      <UniqueIdentifier>{20a04b82-848f-4198-8ca2-5c241cabd4e5}</UniqueIdentifier>
    </Filter>
    <Filter Include="HPL\Include\GUI">
      <UniqueIdentifier>{50d45b82-2616-4a70-bbd4-28ec666635e3}</UniqueIdentifier>
    </Filter>
    <Filter Include="HPL\Include\Haptic">
      <UniqueIdentifier>{e058bc62-3039-44f5-8cb3-635339ca9e7b}</UniqueIdentifier>
    </Filter>
    <Filter Include="HPL\Include\Implementation">
      <UniqueIdentifier>{4135328f-841a-4fcd-b409-d0e8a410ee7e}</UniqueIdentifier>
    </Filter>
    <Filter Include="HPL\Include\Implementation\TinyXML">
      <UniqueIdentifier>{13487951-f6f3-4bb7-9583-e1a6afbd13bf}</UniqueIdentifier>
    </Filter>
    <Filter Include="HPL\Include\Input">
      <UniqueIdentifier>{95e8ab08-33ed-4eb1-8dbb-78e7c30df6ac}</UniqueIdentifier>
    </Filter>
    <Filter Include="HPL\Include\Math">
      <UniqueIdentifier>{a24bb131-5ac9-4bb3-b86c-6233f9de57ea}</UniqueIdentifier>
    </Filter>
    <Filter Include="HPL\Include\Sound">
      <UniqueIdentifier>{1b56bc78-ee98-433d-968c-29f8a315cc95}</UniqueIdentifier>
    </Filter>
    <Filter Include="HPL\Include\System">
      <UniqueIdentifier>{ed1fe75c-a06e-4923-b8e1-445bb3bc8cb9}</UniqueIdentifier>
    </Filter>
    <Filter Include="HPL\Include\Resources">
      <UniqueIdentifier>{74a0a01e-524a-476f-b294-429cceaf410b}</UniqueIdentifier>
    </Filter>
    <Filter Include="HPL\Include\Scene">
      <UniqueIdentifier>{c030f75b-e570-4a2e-8ad8-ff8bf2ee99c6}</UniqueIdentifier>
    </Filter>
    <Filter Include="HPL\Include\Physics">
      <UniqueIdentifier>{77e5c915-a52f-4baf-90df-558cf907d7bd}</UniqueIdentifier>
    </Filter>
    <Filter Include="OALWrapper">
      <UniqueIdentifier>{85118f9e-cf40-45d7-9d77-7f6a40c06c7e}</UniqueIdentifier>
    </Filter>
    <Filter Include="OALWrapper\Include">
      <UniqueIdentifier>{a129a1f0-bca7-4216-a2dc-ba694f723627}</UniqueIdentifier>
    </Filter>
    <Filter Include="OALWrapper\Source">
      <UniqueIdentifier>{d8c4bc1d-833e-42d2-ae6c-ba1ce33126a2}</UniqueIdentifier>
    </Filter>
    <Filter Include="Game">
      <UniqueIdentifier>{db192bd7-7498-422a-b112-b2f58b7fd13d}</UniqueIdentifier>
    </Filter>
  </ItemGroup>
  <ItemGroup>
    <ClCompile Include="HPL\Source\Game\Game.cpp">
      <Filter>HPL\Source\Game</Filter>
    </ClCompile>
    <ClCompile Include="HPL\Source\Game\GameTypes.cpp">
      <Filter>HPL\Source\Game</Filter>
    </ClCompile>
    <ClCompile Include="HPL\Source\Game\SaveGame.cpp">
      <Filter>HPL\Source\Game</Filter>
    </ClCompile>
    <ClCompile Include="HPL\Source\Game\ScriptFuncs.cpp">
      <Filter>HPL\Source\Game</Filter>
    </ClCompile>
    <ClCompile Include="HPL\Source\Game\Updater.cpp">
      <Filter>HPL\Source\Game</Filter>
    </ClCompile>
    <ClCompile Include="HPL\Source\Graphics\Beam.cpp">
      <Filter>HPL\Source\Graphics</Filter>
    </ClCompile>
    <ClCompile Include="HPL\Source\Graphics\BillBoard.cpp">
      <Filter>HPL\Source\Graphics</Filter>
    </ClCompile>
    <ClCompile Include="HPL\Source\Graphics\Bone.cpp">
      <Filter>HPL\Source\Graphics</Filter>
    </ClCompile>
    <ClCompile Include="HPL\Source\Graphics\BoneState.cpp">
      <Filter>HPL\Source\Graphics</Filter>
    </ClCompile>
    <ClCompile Include="HPL\Source\Graphics\Color.cpp">
      <Filter>HPL\Source\Graphics</Filter>
    </ClCompile>
    <ClCompile Include="HPL\Source\Graphics\FontData.cpp">
      <Filter>HPL\Source\Graphics</Filter>
    </ClCompile>
    <ClCompile Include="HPL\Source\Graphics\GfxObject.cpp">
      <Filter>HPL\Source\Graphics</Filter>
    </ClCompile>
    <ClCompile Include="HPL\Source\Graphics\GPUProgram.cpp">
      <Filter>HPL\Source\Graphics</Filter>
    </ClCompile>
    <ClCompile Include="HPL\Source\Graphics\Graphics.cpp">
      <Filter>HPL\Source\Graphics</Filter>
    </ClCompile>
    <ClCompile Include="HPL\Source\Graphics\GraphicsDrawer.cpp">
      <Filter>HPL\Source\Graphics</Filter>
    </ClCompile>
    <ClCompile Include="HPL\Source\Graphics\ImageEntityData.cpp">
      <Filter>HPL\Source\Graphics</Filter>
    </ClCompile>
    <ClCompile Include="HPL\Source\Graphics\Material.cpp">
      <Filter>HPL\Source\Graphics</Filter>
    </ClCompile>
    <ClCompile Include="HPL\Source\Graphics\Material_Additive.cpp">
      <Filter>HPL\Source\Graphics</Filter>
    </ClCompile>
    <ClCompile Include="HPL\Source\Graphics\Material_Alpha.cpp">
      <Filter>HPL\Source\Graphics</Filter>
    </ClCompile>
    <ClCompile Include="HPL\Source\Graphics\Material_BaseLight.cpp">
      <Filter>HPL\Source\Graphics</Filter>
    </ClCompile>
    <ClCompile Include="HPL\Source\Graphics\Material_Bump.cpp">
      <Filter>HPL\Source\Graphics</Filter>
    </ClCompile>
    <ClCompile Include="HPL\Source\Graphics\Material_BumpColorSpec.cpp">
      <Filter>HPL\Source\Graphics</Filter>
    </ClCompile>
    <ClCompile Include="HPL\Source\Graphics\Material_BumpSpec.cpp">
      <Filter>HPL\Source\Graphics</Filter>
    </ClCompile>
    <ClCompile Include="HPL\Source\Graphics\Material_BumpSpec2D.cpp">
      <Filter>HPL\Source\Graphics</Filter>
    </ClCompile>
    <ClCompile Include="HPL\Source\Graphics\Material_Diffuse.cpp">
      <Filter>HPL\Source\Graphics</Filter>
    </ClCompile>
    <ClCompile Include="HPL\Source\Graphics\Material_Diffuse2D.cpp">
      <Filter>HPL\Source\Graphics</Filter>
    </ClCompile>
    <ClCompile Include="HPL\Source\Graphics\Material_DiffuseAdditive2D.cpp">
      <Filter>HPL\Source\Graphics</Filter>
    </ClCompile>
    <ClCompile Include="HPL\Source\Graphics\Material_DiffuseAlpha2D.cpp">
      <Filter>HPL\Source\Graphics</Filter>
    </ClCompile>
    <ClCompile Include="HPL\Source\Graphics\Material_DiffuseSpec.cpp">
      <Filter>HPL\Source\Graphics</Filter>
    </ClCompile>
    <ClCompile Include="HPL\Source\Graphics\Material_EnvMap_Reflect.cpp">
      <Filter>HPL\Source\Graphics</Filter>
    </ClCompile>
    <ClCompile Include="HPL\Source\Graphics\Material_Fallback01_BaseLight.cpp">
      <Filter>HPL\Source\Graphics</Filter>
    </ClCompile>
    <ClCompile Include="HPL\Source\Graphics\Material_Fallback02_BaseLight.cpp">
      <Filter>HPL\Source\Graphics</Filter>
    </ClCompile>
    <ClCompile Include="HPL\Source\Graphics\Material_Flat.cpp">
      <Filter>HPL\Source\Graphics</Filter>
    </ClCompile>
    <ClCompile Include="HPL\Source\Graphics\Material_FontNormal.cpp">
      <Filter>HPL\Source\Graphics</Filter>
    </ClCompile>
    <ClCompile Include="HPL\Source\Graphics\Material_Modulative.cpp">
      <Filter>HPL\Source\Graphics</Filter>
    </ClCompile>
    <ClCompile Include="HPL\Source\Graphics\Material_ModulativeX2.cpp">
      <Filter>HPL\Source\Graphics</Filter>
    </ClCompile>
    <ClCompile Include="HPL\Source\Graphics\Material_Smoke2D.cpp">
      <Filter>HPL\Source\Graphics</Filter>
    </ClCompile>
    <ClCompile Include="HPL\Source\Graphics\Material_Water.cpp">
      <Filter>HPL\Source\Graphics</Filter>
    </ClCompile>
    <ClCompile Include="HPL\Source\Graphics\MaterialHandler.cpp">
      <Filter>HPL\Source\Graphics</Filter>
    </ClCompile>
    <ClCompile Include="HPL\Source\Graphics\Mesh.cpp">
      <Filter>HPL\Source\Graphics</Filter>
    </ClCompile>
    <ClCompile Include="HPL\Source\Graphics\Mesh2d.cpp">
      <Filter>HPL\Source\Graphics</Filter>
    </ClCompile>
    <ClCompile Include="HPL\Source\Graphics\MeshCreator.cpp">
      <Filter>HPL\Source\Graphics</Filter>
    </ClCompile>
    <ClCompile Include="HPL\Source\Graphics\ParticleEmitter.cpp">
      <Filter>HPL\Source\Graphics</Filter>
    </ClCompile>
    <ClCompile Include="HPL\Source\Graphics\ParticleEmitter2D.cpp">
      <Filter>HPL\Source\Graphics</Filter>
    </ClCompile>
    <ClCompile Include="HPL\Source\Graphics\ParticleEmitter3D.cpp">
      <Filter>HPL\Source\Graphics</Filter>
    </ClCompile>
    <ClCompile Include="HPL\Source\Graphics\ParticleEmitter3D_UserData.cpp">
      <Filter>HPL\Source\Graphics</Filter>
    </ClCompile>
    <ClCompile Include="HPL\Source\Graphics\ParticleSystem3D.cpp">
      <Filter>HPL\Source\Graphics</Filter>
    </ClCompile>
    <ClCompile Include="HPL\Source\Graphics\Renderable.cpp">
      <Filter>HPL\Source\Graphics</Filter>
    </ClCompile>
    <ClCompile Include="HPL\Source\Graphics\Renderer2D.cpp">
      <Filter>HPL\Source\Graphics</Filter>
    </ClCompile>
    <ClCompile Include="HPL\Source\Graphics\Renderer3D.cpp">
      <Filter>HPL\Source\Graphics</Filter>
    </ClCompile>
    <ClCompile Include="HPL\Source\Graphics\RendererPostEffects.cpp">
      <Filter>HPL\Source\Graphics</Filter>
    </ClCompile>
    <ClCompile Include="HPL\Source\Graphics\RenderList.cpp">
      <Filter>HPL\Source\Graphics</Filter>
    </ClCompile>
    <ClCompile Include="HPL\Source\Graphics\RenderObject2D.cpp">
      <Filter>HPL\Source\Graphics</Filter>
    </ClCompile>
    <ClCompile Include="HPL\Source\Graphics\RenderState.cpp">
      <Filter>HPL\Source\Graphics</Filter>
    </ClCompile>
    <ClCompile Include="HPL\Source\Graphics\Skeleton.cpp">
      <Filter>HPL\Source\Graphics</Filter>
    </ClCompile>
    <ClCompile Include="HPL\Source\Graphics\SubMesh.cpp">
      <Filter>HPL\Source\Graphics</Filter>
    </ClCompile>
    <ClCompile Include="HPL\Source\Graphics\Animation.cpp">
      <Filter>HPL\Source\Graphics</Filter>
    </ClCompile>
    <ClCompile Include="HPL\Source\Graphics\AnimationTrack.cpp">
      <Filter>HPL\Source\Graphics</Filter>
    </ClCompile>
    <ClCompile Include="HPL\Source\Graphics\BackgroundImage.cpp">
      <Filter>HPL\Source\Graphics</Filter>
    </ClCompile>
    <ClCompile Include="HPL\Source\GUI\GuiGfxElement.cpp">
      <Filter>HPL\Source\GUI</Filter>
    </ClCompile>
    <ClCompile Include="HPL\Source\GUI\GuiMaterialBasicTypes.cpp">
      <Filter>HPL\Source\GUI</Filter>
    </ClCompile>
    <ClCompile Include="HPL\Source\GUI\GuiPopUp.cpp">
      <Filter>HPL\Source\GUI</Filter>
    </ClCompile>
    <ClCompile Include="HPL\Source\GUI\GuiPopUpMessageBox.cpp">
      <Filter>HPL\Source\GUI</Filter>
    </ClCompile>
    <ClCompile Include="HPL\Source\GUI\GuiSet.cpp">
      <Filter>HPL\Source\GUI</Filter>
    </ClCompile>
    <ClCompile Include="HPL\Source\GUI\GuiSkin.cpp">
      <Filter>HPL\Source\GUI</Filter>
    </ClCompile>
    <ClCompile Include="HPL\Source\GUI\Widget.cpp">
      <Filter>HPL\Source\GUI</Filter>
    </ClCompile>
    <ClCompile Include="HPL\Source\GUI\WidgetBaseClasses.cpp">
      <Filter>HPL\Source\GUI</Filter>
    </ClCompile>
    <ClCompile Include="HPL\Source\GUI\WidgetButton.cpp">
      <Filter>HPL\Source\GUI</Filter>
    </ClCompile>
    <ClCompile Include="HPL\Source\GUI\WidgetCheckBox.cpp">
      <Filter>HPL\Source\GUI</Filter>
    </ClCompile>
    <ClCompile Include="HPL\Source\GUI\WidgetComboBox.cpp">
      <Filter>HPL\Source\GUI</Filter>
    </ClCompile>
    <ClCompile Include="HPL\Source\GUI\WidgetFrame.cpp">
      <Filter>HPL\Source\GUI</Filter>
    </ClCompile>
    <ClCompile Include="HPL\Source\GUI\WidgetImage.cpp">
      <Filter>HPL\Source\GUI</Filter>
    </ClCompile>
    <ClCompile Include="HPL\Source\GUI\WidgetLabel.cpp">
      <Filter>HPL\Source\GUI</Filter>
    </ClCompile>
    <ClCompile Include="HPL\Source\GUI\WidgetListBox.cpp">
      <Filter>HPL\Source\GUI</Filter>
    </ClCompile>
    <ClCompile Include="HPL\Source\GUI\WidgetSlider.cpp">
      <Filter>HPL\Source\GUI</Filter>
    </ClCompile>
    <ClCompile Include="HPL\Source\GUI\WidgetTextBox.cpp">
      <Filter>HPL\Source\GUI</Filter>
    </ClCompile>
    <ClCompile Include="HPL\Source\GUI\WidgetWindow.cpp">
      <Filter>HPL\Source\GUI</Filter>
    </ClCompile>
    <ClCompile Include="HPL\Source\GUI\Gui.cpp">
      <Filter>HPL\Source\GUI</Filter>
    </ClCompile>
    <ClCompile Include="HPL\Source\Haptic\LowLevelHaptic.cpp">
      <Filter>HPL\Source\Haptic</Filter>
    </ClCompile>
    <ClCompile Include="HPL\Source\Haptic\Haptic.cpp">
      <Filter>HPL\Source\Haptic</Filter>
    </ClCompile>
    <ClCompile Include="HPL\Source\Implementation\Platform\win32.cpp">
      <Filter>HPL\Source\Implementation\Platform</Filter>
    </ClCompile>
    <ClCompile Include="HPL\Source\Implementation\TinyXML\tinyxml.cpp">
      <Filter>HPL\Source\Implementation\TinyXML</Filter>
    </ClCompile>
    <ClCompile Include="HPL\Source\Implementation\TinyXML\tinyxmlerror.cpp">
      <Filter>HPL\Source\Implementation\TinyXML</Filter>
    </ClCompile>
    <ClCompile Include="HPL\Source\Implementation\TinyXML\tinyxmlparser.cpp">
      <Filter>HPL\Source\Implementation\TinyXML</Filter>
    </ClCompile>
    <ClCompile Include="HPL\Source\Implementation\TinyXML\tinystr.cpp">
      <Filter>HPL\Source\Implementation\TinyXML</Filter>
    </ClCompile>
    <ClCompile Include="HPL\Source\Implementation\CGProgram.cpp">
      <Filter>HPL\Source\Implementation</Filter>
    </ClCompile>
    <ClCompile Include="HPL\Source\Implementation\CharacterBodyNewton.cpp">
      <Filter>HPL\Source\Implementation</Filter>
    </ClCompile>
    <ClCompile Include="HPL\Source\Implementation\CollideShapeNewton.cpp">
      <Filter>HPL\Source\Implementation</Filter>
    </ClCompile>
    <ClCompile Include="HPL\Source\Implementation\GLee.c">
      <Filter>HPL\Source\Implementation</Filter>
    </ClCompile>
    <ClCompile Include="HPL\Source\Implementation\KeyboardSDL.cpp">
      <Filter>HPL\Source\Implementation</Filter>
    </ClCompile>
    <ClCompile Include="HPL\Source\Implementation\LowLevelGraphicsSDL.cpp">
      <Filter>HPL\Source\Implementation</Filter>
    </ClCompile>
    <ClCompile Include="HPL\Source\Implementation\LowLevelInputSDL.cpp">
      <Filter>HPL\Source\Implementation</Filter>
    </ClCompile>
    <ClCompile Include="HPL\Source\Implementation\LowLevelPhysicsNewton.cpp">
      <Filter>HPL\Source\Implementation</Filter>
    </ClCompile>
    <ClCompile Include="HPL\Source\Implementation\LowLevelResourcesSDL.cpp">
      <Filter>HPL\Source\Implementation</Filter>
    </ClCompile>
    <ClCompile Include="HPL\Source\Implementation\LowLevelSoundOpenAL.cpp">
      <Filter>HPL\Source\Implementation</Filter>
    </ClCompile>
    <ClCompile Include="HPL\Source\Implementation\LowLevelSystemSDL.cpp">
      <Filter>HPL\Source\Implementation</Filter>
    </ClCompile>
    <ClCompile Include="HPL\Source\Implementation\MeshLoaderCollada.cpp">
      <Filter>HPL\Source\Implementation</Filter>
    </ClCompile>
    <ClCompile Include="HPL\Source\Implementation\MeshLoaderColladaHelpers.cpp">
      <Filter>HPL\Source\Implementation</Filter>
    </ClCompile>
    <ClCompile Include="HPL\Source\Implementation\MeshLoaderColladaLoader.cpp">
      <Filter>HPL\Source\Implementation</Filter>
    </ClCompile>
    <ClCompile Include="HPL\Source\Implementation\MeshLoaderMSH.cpp">
      <Filter>HPL\Source\Implementation</Filter>
    </ClCompile>
    <ClCompile Include="HPL\Source\Implementation\MouseSDL.cpp">
      <Filter>HPL\Source\Implementation</Filter>
    </ClCompile>
    <ClCompile Include="HPL\Source\Implementation\OcclusionQueryOGL.cpp">
      <Filter>HPL\Source\Implementation</Filter>
    </ClCompile>
    <ClCompile Include="HPL\Source\Implementation\OpenALSoundChannel.cpp">
      <Filter>HPL\Source\Implementation</Filter>
    </ClCompile>
    <ClCompile Include="HPL\Source\Implementation\OpenALSoundData.cpp">
      <Filter>HPL\Source\Implementation</Filter>
    </ClCompile>
    <ClCompile Include="HPL\Source\Implementation\OpenALSoundEnvironment.cpp">
      <Filter>HPL\Source\Implementation</Filter>
    </ClCompile>
    <ClCompile Include="HPL\Source\Implementation\PBuffer.cpp">
      <Filter>HPL\Source\Implementation</Filter>
    </ClCompile>
    <ClCompile Include="HPL\Source\Implementation\PhysicsBodyNewton.cpp">
      <Filter>HPL\Source\Implementation</Filter>
    </ClCompile>
    <ClCompile Include="HPL\Source\Implementation\PhysicsControllerNewton.cpp">
      <Filter>HPL\Source\Implementation</Filter>
    </ClCompile>
    <ClCompile Include="HPL\Source\Implementation\PhysicsJointBallNewton.cpp">
      <Filter>HPL\Source\Implementation</Filter>
    </ClCompile>
    <ClCompile Include="HPL\Source\Implementation\PhysicsJointHingeNewton.cpp">
      <Filter>HPL\Source\Implementation</Filter>
    </ClCompile>
    <ClCompile Include="HPL\Source\Implementation\PhysicsJointScrewNewton.cpp">
      <Filter>HPL\Source\Implementation</Filter>
    </ClCompile>
    <ClCompile Include="HPL\Source\Implementation\PhysicsJointSliderNewton.cpp">
      <Filter>HPL\Source\Implementation</Filter>
    </ClCompile>
    <ClCompile Include="HPL\Source\Implementation\PhysicsMaterialNewton.cpp">
      <Filter>HPL\Source\Implementation</Filter>
    </ClCompile>
    <ClCompile Include="HPL\Source\Implementation\PhysicsWorldNewton.cpp">
      <Filter>HPL\Source\Implementation</Filter>
    </ClCompile>
    <ClCompile Include="HPL\Source\Implementation\scriptstring.cpp">
      <Filter>HPL\Source\Implementation</Filter>
    </ClCompile>
    <ClCompile Include="HPL\Source\Implementation\SDLBitmap2D.cpp">
      <Filter>HPL\Source\Implementation</Filter>
    </ClCompile>
    <ClCompile Include="HPL\Source\Implementation\SDLFontData.cpp">
      <Filter>HPL\Source\Implementation</Filter>
    </ClCompile>
    <ClCompile Include="HPL\Source\Implementation\SDLGameSetup.cpp">
      <Filter>HPL\Source\Implementation</Filter>
    </ClCompile>
    <ClCompile Include="HPL\Source\Implementation\SDLTexture.cpp">
      <Filter>HPL\Source\Implementation</Filter>
    </ClCompile>
    <ClCompile Include="HPL\Source\Implementation\SqScript.cpp">
      <Filter>HPL\Source\Implementation</Filter>
    </ClCompile>
    <ClCompile Include="HPL\Source\Implementation\stdstring.cpp">
      <Filter>HPL\Source\Implementation</Filter>
    </ClCompile>
    <ClCompile Include="HPL\Source\Implementation\VertexBufferOGL.cpp">
      <Filter>HPL\Source\Implementation</Filter>
    </ClCompile>
    <ClCompile Include="HPL\Source\Implementation\VertexBufferVBO.cpp">
      <Filter>HPL\Source\Implementation</Filter>
    </ClCompile>
    <ClCompile Include="HPL\Source\Implementation\VideoStreamTheora.cpp">
      <Filter>HPL\Source\Implementation</Filter>
    </ClCompile>
    <ClCompile Include="HPL\Source\Input\ActionKeyboard.cpp">
      <Filter>HPL\Source\Input</Filter>
    </ClCompile>
    <ClCompile Include="HPL\Source\Input\ActionMouseButton.cpp">
      <Filter>HPL\Source\Input</Filter>
    </ClCompile>
    <ClCompile Include="HPL\Source\Input\Input.cpp">
      <Filter>HPL\Source\Input</Filter>
    </ClCompile>
    <ClCompile Include="HPL\Source\Input\InputDevice.cpp">
      <Filter>HPL\Source\Input</Filter>
    </ClCompile>
    <ClCompile Include="HPL\Source\Input\Keyboard.cpp">
      <Filter>HPL\Source\Input</Filter>
    </ClCompile>
    <ClCompile Include="HPL\Source\Input\Mouse.cpp">
      <Filter>HPL\Source\Input</Filter>
    </ClCompile>
    <ClCompile Include="HPL\Source\Input\Action.cpp">
      <Filter>HPL\Source\Input</Filter>
    </ClCompile>
    <ClCompile Include="HPL\Source\Input\ActionHaptic.cpp">
      <Filter>HPL\Source\Input</Filter>
    </ClCompile>
    <ClCompile Include="HPL\Source\Math\BoundingVolume.cpp">
      <Filter>HPL\Source\Math</Filter>
    </ClCompile>
    <ClCompile Include="HPL\Source\Math\CRC.cpp">
      <Filter>HPL\Source\Math</Filter>
    </ClCompile>
    <ClCompile Include="HPL\Source\Math\Frustum.cpp">
      <Filter>HPL\Source\Math</Filter>
    </ClCompile>
    <ClCompile Include="HPL\Source\Math\Math.cpp">
      <Filter>HPL\Source\Math</Filter>
    </ClCompile>
    <ClCompile Include="HPL\Source\Math\MathTypes.cpp">
      <Filter>HPL\Source\Math</Filter>
    </ClCompile>
    <ClCompile Include="HPL\Source\Math\MeshTypes.cpp">
      <Filter>HPL\Source\Math</Filter>
    </ClCompile>
    <ClCompile Include="HPL\Source\Math\Quaternion.cpp">
      <Filter>HPL\Source\Math</Filter>
    </ClCompile>
    <ClCompile Include="HPL\Source\Math\Spring.cpp">
      <Filter>HPL\Source\Math</Filter>
    </ClCompile>
    <ClCompile Include="HPL\Source\Physics\Physics.cpp">
      <Filter>HPL\Source\Physics</Filter>
    </ClCompile>
    <ClCompile Include="HPL\Source\Physics\PhysicsBody.cpp">
      <Filter>HPL\Source\Physics</Filter>
    </ClCompile>
    <ClCompile Include="HPL\Source\Physics\PhysicsController.cpp">
      <Filter>HPL\Source\Physics</Filter>
    </ClCompile>
    <ClCompile Include="HPL\Source\Physics\PhysicsJoint.cpp">
      <Filter>HPL\Source\Physics</Filter>
    </ClCompile>
    <ClCompile Include="HPL\Source\Physics\PhysicsJointBall.cpp">
      <Filter>HPL\Source\Physics</Filter>
    </ClCompile>
    <ClCompile Include="HPL\Source\Physics\PhysicsJointHinge.cpp">
      <Filter>HPL\Source\Physics</Filter>
    </ClCompile>
    <ClCompile Include="HPL\Source\Physics\PhysicsJointScrew.cpp">
      <Filter>HPL\Source\Physics</Filter>
    </ClCompile>
    <ClCompile Include="HPL\Source\Physics\PhysicsJointSlider.cpp">
      <Filter>HPL\Source\Physics</Filter>
    </ClCompile>
    <ClCompile Include="HPL\Source\Physics\PhysicsWorld.cpp">
      <Filter>HPL\Source\Physics</Filter>
    </ClCompile>
    <ClCompile Include="HPL\Source\Physics\SurfaceData.cpp">
      <Filter>HPL\Source\Physics</Filter>
    </ClCompile>
    <ClCompile Include="HPL\Source\Physics\Body2D.cpp">
      <Filter>HPL\Source\Physics</Filter>
    </ClCompile>
    <ClCompile Include="HPL\Source\Physics\CharacterBody.cpp">
      <Filter>HPL\Source\Physics</Filter>
    </ClCompile>
    <ClCompile Include="HPL\Source\Physics\Collider2D.cpp">
      <Filter>HPL\Source\Physics</Filter>
    </ClCompile>
    <ClCompile Include="HPL\Source\Resources\FileSearcher.cpp">
      <Filter>HPL\Source\Resources</Filter>
    </ClCompile>
    <ClCompile Include="HPL\Source\Resources\FontManager.cpp">
      <Filter>HPL\Source\Resources</Filter>
    </ClCompile>
    <ClCompile Include="HPL\Source\Resources\FrameBitmap.cpp">
      <Filter>HPL\Source\Resources</Filter>
    </ClCompile>
    <ClCompile Include="HPL\Source\Resources\FrameTexture.cpp">
      <Filter>HPL\Source\Resources</Filter>
    </ClCompile>
    <ClCompile Include="HPL\Source\Resources\GpuProgramManager.cpp">
      <Filter>HPL\Source\Resources</Filter>
    </ClCompile>
    <ClCompile Include="HPL\Source\Resources\ImageEntityManager.cpp">
      <Filter>HPL\Source\Resources</Filter>
    </ClCompile>
    <ClCompile Include="HPL\Source\Resources\ImageManager.cpp">
      <Filter>HPL\Source\Resources</Filter>
    </ClCompile>
    <ClCompile Include="HPL\Source\Resources\LanguageFile.cpp">
      <Filter>HPL\Source\Resources</Filter>
    </ClCompile>
    <ClCompile Include="HPL\Source\Resources\MaterialManager.cpp">
      <Filter>HPL\Source\Resources</Filter>
    </ClCompile>
    <ClCompile Include="HPL\Source\Resources\MeshLoaderHandler.cpp">
      <Filter>HPL\Source\Resources</Filter>
    </ClCompile>
    <ClCompile Include="HPL\Source\Resources\MeshManager.cpp">
      <Filter>HPL\Source\Resources</Filter>
    </ClCompile>
    <ClCompile Include="HPL\Source\Resources\ParticleManager.cpp">
      <Filter>HPL\Source\Resources</Filter>
    </ClCompile>
    <ClCompile Include="HPL\Source\Resources\ResourceBase.cpp">
      <Filter>HPL\Source\Resources</Filter>
    </ClCompile>
    <ClCompile Include="HPL\Source\Resources\ResourceImage.cpp">
      <Filter>HPL\Source\Resources</Filter>
    </ClCompile>
    <ClCompile Include="HPL\Source\Resources\ResourceManager.cpp">
      <Filter>HPL\Source\Resources</Filter>
    </ClCompile>
    <ClCompile Include="HPL\Source\Resources\Resources.cpp">
      <Filter>HPL\Source\Resources</Filter>
    </ClCompile>
    <ClCompile Include="HPL\Source\Resources\ScriptManager.cpp">
      <Filter>HPL\Source\Resources</Filter>
    </ClCompile>
    <ClCompile Include="HPL\Source\Resources\SoundEntityManager.cpp">
      <Filter>HPL\Source\Resources</Filter>
    </ClCompile>
    <ClCompile Include="HPL\Source\Resources\SoundManager.cpp">
      <Filter>HPL\Source\Resources</Filter>
    </ClCompile>
    <ClCompile Include="HPL\Source\Resources\TextureManager.cpp">
      <Filter>HPL\Source\Resources</Filter>
    </ClCompile>
    <ClCompile Include="HPL\Source\Resources\TileSetManager.cpp">
      <Filter>HPL\Source\Resources</Filter>
    </ClCompile>
    <ClCompile Include="HPL\Source\Resources\VideoManager.cpp">
      <Filter>HPL\Source\Resources</Filter>
    </ClCompile>
    <ClCompile Include="HPL\Source\Resources\AnimationManager.cpp">
      <Filter>HPL\Source\Resources</Filter>
    </ClCompile>
    <ClCompile Include="HPL\Source\Resources\ConfigFile.cpp">
      <Filter>HPL\Source\Resources</Filter>
    </ClCompile>
    <ClCompile Include="HPL\Source\Resources\EntityLoader_Object.cpp">
      <Filter>HPL\Source\Resources</Filter>
    </ClCompile>
    <ClCompile Include="HPL\Source\Scene\Camera2D.cpp">
      <Filter>HPL\Source\Scene</Filter>
    </ClCompile>
    <ClCompile Include="HPL\Source\Scene\Camera3D.cpp">
      <Filter>HPL\Source\Scene</Filter>
    </ClCompile>
    <ClCompile Include="HPL\Source\Scene\ColliderEntity.cpp">
      <Filter>HPL\Source\Scene</Filter>
    </ClCompile>
    <ClCompile Include="HPL\Source\Scene\Entity.cpp">
      <Filter>HPL\Source\Scene</Filter>
    </ClCompile>
    <ClCompile Include="HPL\Source\Scene\Entity2D.cpp">
      <Filter>HPL\Source\Scene</Filter>
    </ClCompile>
    <ClCompile Include="HPL\Source\Scene\Entity3D.cpp">
      <Filter>HPL\Source\Scene</Filter>
    </ClCompile>
    <ClCompile Include="HPL\Source\Scene\GridMap2D.cpp">
      <Filter>HPL\Source\Scene</Filter>
    </ClCompile>
    <ClCompile Include="HPL\Source\Scene\ImageEntity.cpp">
      <Filter>HPL\Source\Scene</Filter>
    </ClCompile>
    <ClCompile Include="HPL\Source\Scene\Light.cpp">
      <Filter>HPL\Source\Scene</Filter>
    </ClCompile>
    <ClCompile Include="HPL\Source\Scene\Light2D.cpp">
      <Filter>HPL\Source\Scene</Filter>
    </ClCompile>
    <ClCompile Include="HPL\Source\Scene\Light2DPoint.cpp">
      <Filter>HPL\Source\Scene</Filter>
    </ClCompile>
    <ClCompile Include="HPL\Source\Scene\Light3D.cpp">
      <Filter>HPL\Source\Scene</Filter>
    </ClCompile>
    <ClCompile Include="HPL\Source\Scene\Light3DPoint.cpp">
      <Filter>HPL\Source\Scene</Filter>
    </ClCompile>
    <ClCompile Include="HPL\Source\Scene\Light3DSpot.cpp">
      <Filter>HPL\Source\Scene</Filter>
    </ClCompile>
    <ClCompile Include="HPL\Source\Scene\MeshEntity.cpp">
      <Filter>HPL\Source\Scene</Filter>
    </ClCompile>
    <ClCompile Include="HPL\Source\Scene\MultiImageEntity.cpp">
      <Filter>HPL\Source\Scene</Filter>
    </ClCompile>
    <ClCompile Include="HPL\Source\Scene\Node.cpp">
      <Filter>HPL\Source\Scene</Filter>
    </ClCompile>
    <ClCompile Include="HPL\Source\Scene\Node2D.cpp">
      <Filter>HPL\Source\Scene</Filter>
    </ClCompile>
    <ClCompile Include="HPL\Source\Scene\Node3D.cpp">
      <Filter>HPL\Source\Scene</Filter>
    </ClCompile>
    <ClCompile Include="HPL\Source\Scene\NodeState.cpp">
      <Filter>HPL\Source\Scene</Filter>
    </ClCompile>
    <ClCompile Include="HPL\Source\Scene\PortalContainer.cpp">
      <Filter>HPL\Source\Scene</Filter>
    </ClCompile>
    <ClCompile Include="HPL\Source\Scene\Scene.cpp">
      <Filter>HPL\Source\Scene</Filter>
    </ClCompile>
    <ClCompile Include="HPL\Source\Scene\SectorVisibility.cpp">
      <Filter>HPL\Source\Scene</Filter>
    </ClCompile>
    <ClCompile Include="HPL\Source\Scene\SoundEntity.cpp">
      <Filter>HPL\Source\Scene</Filter>
    </ClCompile>
    <ClCompile Include="HPL\Source\Scene\SoundSource.cpp">
      <Filter>HPL\Source\Scene</Filter>
    </ClCompile>
    <ClCompile Include="HPL\Source\Scene\SubMeshEntity.cpp">
      <Filter>HPL\Source\Scene</Filter>
    </ClCompile>
    <ClCompile Include="HPL\Source\Scene\Tile.cpp">
      <Filter>HPL\Source\Scene</Filter>
    </ClCompile>
    <ClCompile Include="HPL\Source\Scene\TileData.cpp">
      <Filter>HPL\Source\Scene</Filter>
    </ClCompile>
    <ClCompile Include="HPL\Source\Scene\TileLayer.cpp">
      <Filter>HPL\Source\Scene</Filter>
    </ClCompile>
    <ClCompile Include="HPL\Source\Scene\TileMap.cpp">
      <Filter>HPL\Source\Scene</Filter>
    </ClCompile>
    <ClCompile Include="HPL\Source\Scene\TileMapLineIt.cpp">
      <Filter>HPL\Source\Scene</Filter>
    </ClCompile>
    <ClCompile Include="HPL\Source\Scene\TileMapRectIt.cpp">
      <Filter>HPL\Source\Scene</Filter>
    </ClCompile>
    <ClCompile Include="HPL\Source\Scene\TileSet.cpp">
      <Filter>HPL\Source\Scene</Filter>
    </ClCompile>
    <ClCompile Include="HPL\Source\Scene\World2D.cpp">
      <Filter>HPL\Source\Scene</Filter>
    </ClCompile>
    <ClCompile Include="HPL\Source\Scene\World3D.cpp">
      <Filter>HPL\Source\Scene</Filter>
    </ClCompile>
    <ClCompile Include="HPL\Source\Scene\AnimationState.cpp">
      <Filter>HPL\Source\Scene</Filter>
    </ClCompile>
    <ClCompile Include="HPL\Source\Scene\Area2D.cpp">
      <Filter>HPL\Source\Scene</Filter>
    </ClCompile>
    <ClCompile Include="HPL\Source\Sound\Sound.cpp">
      <Filter>HPL\Source\Sound</Filter>
    </ClCompile>
    <ClCompile Include="HPL\Source\Sound\SoundEntityData.cpp">
      <Filter>HPL\Source\Sound</Filter>
    </ClCompile>
    <ClCompile Include="HPL\Source\Sound\SoundHandler.cpp">
      <Filter>HPL\Source\Sound</Filter>
    </ClCompile>
    <ClCompile Include="HPL\Source\Sound\LowLevelSound.cpp">
      <Filter>HPL\Source\Sound</Filter>
    </ClCompile>
    <ClCompile Include="HPL\Source\Sound\MusicHandler.cpp">
      <Filter>HPL\Source\Sound</Filter>
    </ClCompile>
    <ClCompile Include="HPL\Source\System\LogicTimer.cpp">
      <Filter>HPL\Source\System</Filter>
    </ClCompile>
    <ClCompile Include="HPL\Source\System\MemoryManager.cpp">
      <Filter>HPL\Source\System</Filter>
    </ClCompile>
    <ClCompile Include="HPL\Source\System\SerializeClass.cpp">
      <Filter>HPL\Source\System</Filter>
    </ClCompile>
    <ClCompile Include="HPL\Source\System\String.cpp">
      <Filter>HPL\Source\System</Filter>
    </ClCompile>
    <ClCompile Include="HPL\Source\System\System.cpp">
      <Filter>HPL\Source\System</Filter>
    </ClCompile>
    <ClCompile Include="HPL\Source\System\Container.cpp">
      <Filter>HPL\Source\System</Filter>
    </ClCompile>
    <ClCompile Include="HPL\Source\AI\AINodeGenerator.cpp">
      <Filter>HPL\Source\AI</Filter>
    </ClCompile>
    <ClCompile Include="HPL\Source\AI\AStar.cpp">
      <Filter>HPL\Source\AI</Filter>
    </ClCompile>
    <ClCompile Include="HPL\Source\AI\StateMachine.cpp">
      <Filter>HPL\Source\AI</Filter>
    </ClCompile>
    <ClCompile Include="HPL\Source\AI\AI.cpp">
      <Filter>HPL\Source\AI</Filter>
    </ClCompile>
    <ClCompile Include="HPL\Source\AI\AINodeContainer.cpp">
      <Filter>HPL\Source\AI</Filter>
    </ClCompile>
    <ClCompile Include="OALWrapper\Source\OAL_EFX.cpp">
      <Filter>OALWrapper\Source</Filter>
    </ClCompile>
    <ClCompile Include="OALWrapper\Source\OAL_EFXManager.cpp">
      <Filter>OALWrapper\Source</Filter>
    </ClCompile>
    <ClCompile Include="OALWrapper\Source\OAL_Filter.cpp">
      <Filter>OALWrapper\Source</Filter>
    </ClCompile>
    <ClCompile Include="OALWrapper\Source\OAL_Helper.cpp">
      <Filter>OALWrapper\Source</Filter>
    </ClCompile>
    <ClCompile Include="OALWrapper\Source\OAL_Init.cpp">
      <Filter>OALWrapper\Source</Filter>
    </ClCompile>
    <ClCompile Include="OALWrapper\Source\OAL_Loaders.cpp">
      <Filter>OALWrapper\Source</Filter>
    </ClCompile>
    <ClCompile Include="OALWrapper\Source\OAL_LoggerObject.cpp">
      <Filter>OALWrapper\Source</Filter>
    </ClCompile>
    <ClCompile Include="OALWrapper\Source\OAL_OggSample.cpp">
      <Filter>OALWrapper\Source</Filter>
    </ClCompile>
    <ClCompile Include="OALWrapper\Source\OAL_OggStream.cpp">
      <Filter>OALWrapper\Source</Filter>
    </ClCompile>
    <ClCompile Include="OALWrapper\Source\OAL_Playback.cpp">
      <Filter>OALWrapper\Source</Filter>
    </ClCompile>
    <ClCompile Include="OALWrapper\Source\OAL_Sample.cpp">
      <Filter>OALWrapper\Source</Filter>
    </ClCompile>
    <ClCompile Include="OALWrapper\Source\OAL_Source.cpp">
      <Filter>OALWrapper\Source</Filter>
    </ClCompile>
    <ClCompile Include="OALWrapper\Source\OAL_SourceManager.cpp">
      <Filter>OALWrapper\Source</Filter>
    </ClCompile>
    <ClCompile Include="OALWrapper\Source\OAL_Stream.cpp">
      <Filter>OALWrapper\Source</Filter>
    </ClCompile>
    <ClCompile Include="OALWrapper\Source\OAL_Types.cpp">
      <Filter>OALWrapper\Source</Filter>
    </ClCompile>
    <ClCompile Include="OALWrapper\Source\OAL_WAVSample.cpp">
      <Filter>OALWrapper\Source</Filter>
    </ClCompile>
    <ClCompile Include="OALWrapper\Source\OAL_AudioData.cpp">
      <Filter>OALWrapper\Source</Filter>
    </ClCompile>
    <ClCompile Include="OALWrapper\Source\OAL_Buffer.cpp">
      <Filter>OALWrapper\Source</Filter>
    </ClCompile>
    <ClCompile Include="OALWrapper\Source\OAL_CustomStream.cpp">
      <Filter>OALWrapper\Source</Filter>
    </ClCompile>
    <ClCompile Include="OALWrapper\Source\OAL_Device.cpp">
      <Filter>OALWrapper\Source</Filter>
    </ClCompile>
    <ClCompile Include="OALWrapper\Source\OAL_Effect.cpp">
      <Filter>OALWrapper\Source</Filter>
    </ClCompile>
    <ClCompile Include="OALWrapper\Source\OAL_Effect_Reverb.cpp">
      <Filter>OALWrapper\Source</Filter>
    </ClCompile>
    <ClCompile Include="OALWrapper\Source\OAL_EffectSlot.cpp">
      <Filter>OALWrapper\Source</Filter>
    </ClCompile>
    <ClCompile Include="Game\Player.cpp">
      <Filter>Game</Filter>
    </ClCompile>
    <ClCompile Include="Game\PlayerHands.cpp">
      <Filter>Game</Filter>
    </ClCompile>
    <ClCompile Include="Game\PlayerHelper.cpp">
      <Filter>Game</Filter>
    </ClCompile>
    <ClCompile Include="Game\PlayerState_Interact.cpp">
      <Filter>Game</Filter>
    </ClCompile>
    <ClCompile Include="Game\PlayerState_InteractHaptX.cpp">
      <Filter>Game</Filter>
    </ClCompile>
    <ClCompile Include="Game\PlayerState_Misc.cpp">
      <Filter>Game</Filter>
    </ClCompile>
    <ClCompile Include="Game\PlayerState_MiscHaptX.cpp">
      <Filter>Game</Filter>
    </ClCompile>
    <ClCompile Include="Game\PlayerState_Weapon.cpp">
      <Filter>Game</Filter>
    </ClCompile>
    <ClCompile Include="Game\PlayerState_WeaponHaptX.cpp">
      <Filter>Game</Filter>
    </ClCompile>
    <ClCompile Include="Game\PreMenu.cpp">
      <Filter>Game</Filter>
    </ClCompile>
    <ClCompile Include="Game\RadioHandler.cpp">
      <Filter>Game</Filter>
    </ClCompile>
    <ClCompile Include="Game\SaveHandler.cpp">
      <Filter>Game</Filter>
    </ClCompile>
    <ClCompile Include="Game\SaveTypes.cpp">
      <Filter>Game</Filter>
    </ClCompile>
    <ClCompile Include="Game\StdAfx.cpp">
      <Filter>Game</Filter>
    </ClCompile>
    <ClCompile Include="Game\TriggerHandler.cpp">
      <Filter>Game</Filter>
    </ClCompile>
    <ClCompile Include="Game\Triggers.cpp">
      <Filter>Game</Filter>
    </ClCompile>
    <ClCompile Include="Game\AttackHandler.cpp">
      <Filter>Game</Filter>
    </ClCompile>
    <ClCompile Include="Game\ButtonHandler.cpp">
      <Filter>Game</Filter>
    </ClCompile>
    <ClCompile Include="Game\CharacterMove.cpp">
      <Filter>Game</Filter>
    </ClCompile>
    <ClCompile Include="Game\Credits.cpp">
      <Filter>Game</Filter>
    </ClCompile>
    <ClCompile Include="Game\DeathMenu.cpp">
      <Filter>Game</Filter>
    </ClCompile>
    <ClCompile Include="Game\DemoEndText.cpp">
      <Filter>Game</Filter>
    </ClCompile>
    <ClCompile Include="Game\EffectHandler.cpp">
      <Filter>Game</Filter>
    </ClCompile>
    <ClCompile Include="Game\FadeHandler.cpp">
      <Filter>Game</Filter>
    </ClCompile>
    <ClCompile Include="Game\GameArea.cpp">
      <Filter>Game</Filter>
    </ClCompile>
    <ClCompile Include="Game\GameDamageArea.cpp">
      <Filter>Game</Filter>
    </ClCompile>
    <ClCompile Include="Game\GameEnemy.cpp">
      <Filter>Game</Filter>
    </ClCompile>
    <ClCompile Include="Game\GameEnemy_Dog.cpp">
      <Filter>Game</Filter>
    </ClCompile>
    <ClCompile Include="Game\GameEnemy_Spider.cpp">
      <Filter>Game</Filter>
    </ClCompile>
    <ClCompile Include="Game\GameEnemy_Worm.cpp">
      <Filter>Game</Filter>
    </ClCompile>
    <ClCompile Include="Game\GameEntity.cpp">
      <Filter>Game</Filter>
    </ClCompile>
    <ClCompile Include="Game\GameForceArea.cpp">
      <Filter>Game</Filter>
    </ClCompile>
    <ClCompile Include="Game\GameItem.cpp">
      <Filter>Game</Filter>
    </ClCompile>
    <ClCompile Include="Game\GameItemType.cpp">
      <Filter>Game</Filter>
    </ClCompile>
    <ClCompile Include="Game\GameLadder.cpp">
      <Filter>Game</Filter>
    </ClCompile>
    <ClCompile Include="Game\GameLamp.cpp">
      <Filter>Game</Filter>
    </ClCompile>
    <ClCompile Include="Game\GameLink.cpp">
      <Filter>Game</Filter>
    </ClCompile>
    <ClCompile Include="Game\GameLiquidArea.cpp">
      <Filter>Game</Filter>
    </ClCompile>
    <ClCompile Include="Game\GameMessageHandler.cpp">
      <Filter>Game</Filter>
    </ClCompile>
    <ClCompile Include="Game\GameMusicHandler.cpp">
      <Filter>Game</Filter>
    </ClCompile>
    <ClCompile Include="Game\GameObject.cpp">
      <Filter>Game</Filter>
    </ClCompile>
    <ClCompile Include="Game\GameSaveArea.cpp">
      <Filter>Game</Filter>
    </ClCompile>
    <ClCompile Include="Game\GameScripts.cpp">
      <Filter>Game</Filter>
    </ClCompile>
    <ClCompile Include="Game\GameStickArea.cpp">
      <Filter>Game</Filter>
    </ClCompile>
    <ClCompile Include="Game\GameSwingDoor.cpp">
      <Filter>Game</Filter>
    </ClCompile>
    <ClCompile Include="Game\GameTypes.cpp">
      <Filter>Game</Filter>
    </ClCompile>
    <ClCompile Include="Game\GraphicsHelper.cpp">
      <Filter>Game</Filter>
    </ClCompile>
    <ClCompile Include="Game\HapticGameCamera.cpp">
      <Filter>Game</Filter>
    </ClCompile>
    <ClCompile Include="Game\HudModel_Throw.cpp">
      <Filter>Game</Filter>
    </ClCompile>
    <ClCompile Include="Game\HudModel_Weapon.cpp">
      <Filter>Game</Filter>
    </ClCompile>
    <ClCompile Include="Game\Init.cpp">
      <Filter>Game</Filter>
    </ClCompile>
    <ClCompile Include="Game\IntroStory.cpp">
      <Filter>Game</Filter>
    </ClCompile>
    <ClCompile Include="Game\Inventory.cpp">
      <Filter>Game</Filter>
    </ClCompile>
    <ClCompile Include="Game\Main.cpp">
      <Filter>Game</Filter>
    </ClCompile>
    <ClCompile Include="Game\MainMenu.cpp">
      <Filter>Game</Filter>
    </ClCompile>
    <ClCompile Include="Game\MapHandler.cpp">
      <Filter>Game</Filter>
    </ClCompile>
    <ClCompile Include="Game\MapLoadText.cpp">
      <Filter>Game</Filter>
    </ClCompile>
    <ClCompile Include="Game\Notebook.cpp">
      <Filter>Game</Filter>
    </ClCompile>
    <ClCompile Include="Game\NumericalPanel.cpp">
      <Filter>Game</Filter>
    </ClCompile>
  </ItemGroup>
  <ItemGroup>
    <ClInclude Include="HPL\Include\AI\AINodeContainer.h">
      <Filter>HPL\Include\AI</Filter>
    </ClInclude>
    <ClInclude Include="HPL\Include\AI\AINodeGenerator.h">
      <Filter>HPL\Include\AI</Filter>
    </ClInclude>
    <ClInclude Include="HPL\Include\AI\AStar.h">
      <Filter>HPL\Include\AI</Filter>
    </ClInclude>
    <ClInclude Include="HPL\Include\AI\StateMachine.h">
      <Filter>HPL\Include\AI</Filter>
    </ClInclude>
    <ClInclude Include="HPL\Include\AI\AI.h">
      <Filter>HPL\Include\AI</Filter>
    </ClInclude>
    <ClInclude Include="HPL\Include\Game\LowLevelGameSetup.h">
      <Filter>HPL\Include\Game</Filter>
    </ClInclude>
    <ClInclude Include="HPL\Include\Game\SaveGame.h">
      <Filter>HPL\Include\Game</Filter>
    </ClInclude>
    <ClInclude Include="HPL\Include\Game\ScriptFuncs.h">
      <Filter>HPL\Include\Game</Filter>
    </ClInclude>
    <ClInclude Include="HPL\Include\Game\Updateable.h">
      <Filter>HPL\Include\Game</Filter>
    </ClInclude>
    <ClInclude Include="HPL\Include\Game\Updater.h">
      <Filter>HPL\Include\Game</Filter>
    </ClInclude>
    <ClInclude Include="HPL\Include\Game\Game.h">
      <Filter>HPL\Include\Game</Filter>
    </ClInclude>
    <ClInclude Include="HPL\Include\Game\GameTypes.h">
      <Filter>HPL\Include\Game</Filter>
    </ClInclude>
    <ClInclude Include="HPL\Include\GL\GLee.h">
      <Filter>HPL\Include\GL</Filter>
    </ClInclude>
    <ClInclude Include="HPL\Include\Graphics\GraphicsTypes.h">
      <Filter>HPL\Include\Graphics</Filter>
    </ClInclude>
    <ClInclude Include="HPL\Include\Graphics\ImageEntityData.h">
      <Filter>HPL\Include\Graphics</Filter>
    </ClInclude>
    <ClInclude Include="HPL\Include\Graphics\LowLevelGraphics.h">
      <Filter>HPL\Include\Graphics</Filter>
    </ClInclude>
    <ClInclude Include="HPL\Include\Graphics\LowLevelPicture.h">
      <Filter>HPL\Include\Graphics</Filter>
    </ClInclude>
    <ClInclude Include="HPL\Include\Graphics\Material.h">
      <Filter>HPL\Include\Graphics</Filter>
    </ClInclude>
    <ClInclude Include="HPL\Include\Graphics\Material_Additive.h">
      <Filter>HPL\Include\Graphics</Filter>
    </ClInclude>
    <ClInclude Include="HPL\Include\Graphics\Material_Alpha.h">
      <Filter>HPL\Include\Graphics</Filter>
    </ClInclude>
    <ClInclude Include="HPL\Include\Graphics\Material_BaseLight.h">
      <Filter>HPL\Include\Graphics</Filter>
    </ClInclude>
    <ClInclude Include="HPL\Include\Graphics\Material_Bump.h">
      <Filter>HPL\Include\Graphics</Filter>
    </ClInclude>
    <ClInclude Include="HPL\Include\Graphics\Material_BumpColorSpec.h">
      <Filter>HPL\Include\Graphics</Filter>
    </ClInclude>
    <ClInclude Include="HPL\Include\Graphics\Material_BumpSpec.h">
      <Filter>HPL\Include\Graphics</Filter>
    </ClInclude>
    <ClInclude Include="HPL\Include\Graphics\Material_BumpSpec2D.h">
      <Filter>HPL\Include\Graphics</Filter>
    </ClInclude>
    <ClInclude Include="HPL\Include\Graphics\Material_Diffuse.h">
      <Filter>HPL\Include\Graphics</Filter>
    </ClInclude>
    <ClInclude Include="HPL\Include\Graphics\Material_Diffuse2D.h">
      <Filter>HPL\Include\Graphics</Filter>
    </ClInclude>
    <ClInclude Include="HPL\Include\Graphics\Material_DiffuseAdditive2D.h">
      <Filter>HPL\Include\Graphics</Filter>
    </ClInclude>
    <ClInclude Include="HPL\Include\Graphics\Material_DiffuseAlpha2D.h">
      <Filter>HPL\Include\Graphics</Filter>
    </ClInclude>
    <ClInclude Include="HPL\Include\Graphics\Material_DiffuseSpec.h">
      <Filter>HPL\Include\Graphics</Filter>
    </ClInclude>
    <ClInclude Include="HPL\Include\Graphics\Material_EnvMap_Reflect.h">
      <Filter>HPL\Include\Graphics</Filter>
    </ClInclude>
    <ClInclude Include="HPL\Include\Graphics\Material_Fallback01_BaseLight.h">
      <Filter>HPL\Include\Graphics</Filter>
    </ClInclude>
    <ClInclude Include="HPL\Include\Graphics\Material_Fallback02_BaseLight.h">
      <Filter>HPL\Include\Graphics</Filter>
    </ClInclude>
    <ClInclude Include="HPL\Include\Graphics\Material_Flat.h">
      <Filter>HPL\Include\Graphics</Filter>
    </ClInclude>
    <ClInclude Include="HPL\Include\Graphics\Material_FontNormal.h">
      <Filter>HPL\Include\Graphics</Filter>
    </ClInclude>
    <ClInclude Include="HPL\Include\Graphics\Material_Modulative.h">
      <Filter>HPL\Include\Graphics</Filter>
    </ClInclude>
    <ClInclude Include="HPL\Include\Graphics\Material_ModulativeX2.h">
      <Filter>HPL\Include\Graphics</Filter>
    </ClInclude>
    <ClInclude Include="HPL\Include\Graphics\Material_Smoke2D.h">
      <Filter>HPL\Include\Graphics</Filter>
    </ClInclude>
    <ClInclude Include="HPL\Include\Graphics\Material_Water.h">
      <Filter>HPL\Include\Graphics</Filter>
    </ClInclude>
    <ClInclude Include="HPL\Include\Graphics\MaterialHandler.h">
      <Filter>HPL\Include\Graphics</Filter>
    </ClInclude>
    <ClInclude Include="HPL\Include\Graphics\Mesh.h">
      <Filter>HPL\Include\Graphics</Filter>
    </ClInclude>
    <ClInclude Include="HPL\Include\Graphics\Mesh2d.h">
      <Filter>HPL\Include\Graphics</Filter>
    </ClInclude>
    <ClInclude Include="HPL\Include\Graphics\MeshCreator.h">
      <Filter>HPL\Include\Graphics</Filter>
    </ClInclude>
    <ClInclude Include="HPL\Include\Graphics\OcclusionQuery.h">
      <Filter>HPL\Include\Graphics</Filter>
    </ClInclude>
    <ClInclude Include="HPL\Include\Graphics\ParticleEmitter.h">
      <Filter>HPL\Include\Graphics</Filter>
    </ClInclude>
    <ClInclude Include="HPL\Include\Graphics\ParticleEmitter2D.h">
      <Filter>HPL\Include\Graphics</Filter>
    </ClInclude>
    <ClInclude Include="HPL\Include\Graphics\ParticleEmitter3D.h">
      <Filter>HPL\Include\Graphics</Filter>
    </ClInclude>
    <ClInclude Include="HPL\Include\Graphics\ParticleEmitter3D_UserData.h">
      <Filter>HPL\Include\Graphics</Filter>
    </ClInclude>
    <ClInclude Include="HPL\Include\Graphics\ParticleSystem3D.h">
      <Filter>HPL\Include\Graphics</Filter>
    </ClInclude>
    <ClInclude Include="HPL\Include\Graphics\PixelFormat.h">
      <Filter>HPL\Include\Graphics</Filter>
    </ClInclude>
    <ClInclude Include="HPL\Include\Graphics\Renderable.h">
      <Filter>HPL\Include\Graphics</Filter>
    </ClInclude>
    <ClInclude Include="HPL\Include\Graphics\Renderer2D.h">
      <Filter>HPL\Include\Graphics</Filter>
    </ClInclude>
    <ClInclude Include="HPL\Include\Graphics\Renderer3D.h">
      <Filter>HPL\Include\Graphics</Filter>
    </ClInclude>
    <ClInclude Include="HPL\Include\Graphics\RendererPostEffects.h">
      <Filter>HPL\Include\Graphics</Filter>
    </ClInclude>
    <ClInclude Include="HPL\Include\Graphics\RenderList.h">
      <Filter>HPL\Include\Graphics</Filter>
    </ClInclude>
    <ClInclude Include="HPL\Include\Graphics\RenderObject2D.h">
      <Filter>HPL\Include\Graphics</Filter>
    </ClInclude>
    <ClInclude Include="HPL\Include\Graphics\RenderState.h">
      <Filter>HPL\Include\Graphics</Filter>
    </ClInclude>
    <ClInclude Include="HPL\Include\Graphics\Skeleton.h">
      <Filter>HPL\Include\Graphics</Filter>
    </ClInclude>
    <ClInclude Include="HPL\Include\Graphics\SubMesh.h">
      <Filter>HPL\Include\Graphics</Filter>
    </ClInclude>
    <ClInclude Include="HPL\Include\Graphics\Texture.h">
      <Filter>HPL\Include\Graphics</Filter>
    </ClInclude>
    <ClInclude Include="HPL\Include\Graphics\VertexBuffer.h">
      <Filter>HPL\Include\Graphics</Filter>
    </ClInclude>
    <ClInclude Include="HPL\Include\Graphics\VideoStream.h">
      <Filter>HPL\Include\Graphics</Filter>
    </ClInclude>
    <ClInclude Include="HPL\Include\Graphics\Animation.h">
      <Filter>HPL\Include\Graphics</Filter>
    </ClInclude>
    <ClInclude Include="HPL\Include\Graphics\AnimationTrack.h">
      <Filter>HPL\Include\Graphics</Filter>
    </ClInclude>
    <ClInclude Include="HPL\Include\Graphics\BackgroundImage.h">
      <Filter>HPL\Include\Graphics</Filter>
    </ClInclude>
    <ClInclude Include="HPL\Include\Graphics\Beam.h">
      <Filter>HPL\Include\Graphics</Filter>
    </ClInclude>
    <ClInclude Include="HPL\Include\Graphics\BillBoard.h">
      <Filter>HPL\Include\Graphics</Filter>
    </ClInclude>
    <ClInclude Include="HPL\Include\Graphics\Bitmap2D.h">
      <Filter>HPL\Include\Graphics</Filter>
    </ClInclude>
    <ClInclude Include="HPL\Include\Graphics\Bone.h">
      <Filter>HPL\Include\Graphics</Filter>
    </ClInclude>
    <ClInclude Include="HPL\Include\Graphics\BoneState.h">
      <Filter>HPL\Include\Graphics</Filter>
    </ClInclude>
    <ClInclude Include="HPL\Include\Graphics\Color.h">
      <Filter>HPL\Include\Graphics</Filter>
    </ClInclude>
    <ClInclude Include="HPL\Include\Graphics\FontData.h">
      <Filter>HPL\Include\Graphics</Filter>
    </ClInclude>
    <ClInclude Include="HPL\Include\Graphics\GfxObject.h">
      <Filter>HPL\Include\Graphics</Filter>
    </ClInclude>
    <ClInclude Include="HPL\Include\Graphics\GPUProgram.h">
      <Filter>HPL\Include\Graphics</Filter>
    </ClInclude>
    <ClInclude Include="HPL\Include\Graphics\Graphics.h">
      <Filter>HPL\Include\Graphics</Filter>
    </ClInclude>
    <ClInclude Include="HPL\Include\Graphics\GraphicsDrawer.h">
      <Filter>HPL\Include\Graphics</Filter>
    </ClInclude>
    <ClInclude Include="HPL\Include\GUI\WidgetBaseClasses.h">
      <Filter>HPL\Include\GUI</Filter>
    </ClInclude>
    <ClInclude Include="HPL\Include\GUI\WidgetButton.h">
      <Filter>HPL\Include\GUI</Filter>
    </ClInclude>
    <ClInclude Include="HPL\Include\GUI\WidgetCheckBox.h">
      <Filter>HPL\Include\GUI</Filter>
    </ClInclude>
    <ClInclude Include="HPL\Include\GUI\WidgetComboBox.h">
      <Filter>HPL\Include\GUI</Filter>
    </ClInclude>
    <ClInclude Include="HPL\Include\GUI\WidgetFrame.h">
      <Filter>HPL\Include\GUI</Filter>
    </ClInclude>
    <ClInclude Include="HPL\Include\GUI\WidgetImage.h">
      <Filter>HPL\Include\GUI</Filter>
    </ClInclude>
    <ClInclude Include="HPL\Include\GUI\WidgetLabel.h">
      <Filter>HPL\Include\GUI</Filter>
    </ClInclude>
    <ClInclude Include="HPL\Include\GUI\WidgetListBox.h">
      <Filter>HPL\Include\GUI</Filter>
    </ClInclude>
    <ClInclude Include="HPL\Include\GUI\WidgetSlider.h">
      <Filter>HPL\Include\GUI</Filter>
    </ClInclude>
    <ClInclude Include="HPL\Include\GUI\WidgetTextBox.h">
      <Filter>HPL\Include\GUI</Filter>
    </ClInclude>
    <ClInclude Include="HPL\Include\GUI\WidgetWindow.h">
      <Filter>HPL\Include\GUI</Filter>
    </ClInclude>
    <ClInclude Include="HPL\Include\GUI\Gui.h">
      <Filter>HPL\Include\GUI</Filter>
    </ClInclude>
    <ClInclude Include="HPL\Include\GUI\GuiGfxElement.h">
      <Filter>HPL\Include\GUI</Filter>
    </ClInclude>
    <ClInclude Include="HPL\Include\GUI\GuiMaterial.h">
      <Filter>HPL\Include\GUI</Filter>
    </ClInclude>
    <ClInclude Include="HPL\Include\GUI\GuiMaterialBasicTypes.h">
      <Filter>HPL\Include\GUI</Filter>
    </ClInclude>
    <ClInclude Include="HPL\Include\GUI\GuiPopUp.h">
      <Filter>HPL\Include\GUI</Filter>
    </ClInclude>
    <ClInclude Include="HPL\Include\GUI\GuiPopUpMessageBox.h">
      <Filter>HPL\Include\GUI</Filter>
    </ClInclude>
    <ClInclude Include="HPL\Include\GUI\GuiSet.h">
      <Filter>HPL\Include\GUI</Filter>
    </ClInclude>
    <ClInclude Include="HPL\Include\GUI\GuiSkin.h">
      <Filter>HPL\Include\GUI</Filter>
    </ClInclude>
    <ClInclude Include="HPL\Include\GUI\GuiTypes.h">
      <Filter>HPL\Include\GUI</Filter>
    </ClInclude>
    <ClInclude Include="HPL\Include\GUI\Widget.h">
      <Filter>HPL\Include\GUI</Filter>
    </ClInclude>
    <ClInclude Include="HPL\Include\Haptic\HapticTypes.h">
      <Filter>HPL\Include\Haptic</Filter>
    </ClInclude>
    <ClInclude Include="HPL\Include\Haptic\LowLevelHaptic.h">
      <Filter>HPL\Include\Haptic</Filter>
    </ClInclude>
    <ClInclude Include="HPL\Include\Haptic\Haptic.h">
      <Filter>HPL\Include\Haptic</Filter>
    </ClInclude>
    <ClInclude Include="HPL\Include\Haptic\HapticForce.h">
      <Filter>HPL\Include\Haptic</Filter>
    </ClInclude>
    <ClInclude Include="HPL\Include\Haptic\HapticShape.h">
      <Filter>HPL\Include\Haptic</Filter>
    </ClInclude>
    <ClInclude Include="HPL\Include\Haptic\HapticSurface.h">
      <Filter>HPL\Include\Haptic</Filter>
    </ClInclude>
    <ClInclude Include="HPL\Include\Implementation\tinyXML\tinystr.h">
      <Filter>HPL\Include\Implementation\TinyXML</Filter>
    </ClInclude>
    <ClInclude Include="HPL\Include\Implementation\tinyXML\tinyxml.h">
      <Filter>HPL\Include\Implementation\TinyXML</Filter>
    </ClInclude>
    <ClInclude Include="HPL\Include\Implementation\CGProgram.h">
      <Filter>HPL\Include\Implementation</Filter>
    </ClInclude>
    <ClInclude Include="HPL\Include\Implementation\CharacterBodyNewton.h">
      <Filter>HPL\Include\Implementation</Filter>
    </ClInclude>
    <ClInclude Include="HPL\Include\Implementation\CollideShapeNewton.h">
      <Filter>HPL\Include\Implementation</Filter>
    </ClInclude>
    <ClInclude Include="HPL\Include\Implementation\KeyboardSDL.h">
      <Filter>HPL\Include\Implementation</Filter>
    </ClInclude>
    <ClInclude Include="HPL\Include\Implementation\LowLevelGraphicsSDL.h">
      <Filter>HPL\Include\Implementation</Filter>
    </ClInclude>
    <ClInclude Include="HPL\Include\Implementation\LowLevelInputSDL.h">
      <Filter>HPL\Include\Implementation</Filter>
    </ClInclude>
    <ClInclude Include="HPL\Include\Implementation\LowLevelPhysicsNewton.h">
      <Filter>HPL\Include\Implementation</Filter>
    </ClInclude>
    <ClInclude Include="HPL\Include\Implementation\LowLevelResourcesSDL.h">
      <Filter>HPL\Include\Implementation</Filter>
    </ClInclude>
    <ClInclude Include="HPL\Include\Implementation\LowLevelSoundOpenAL.h">
      <Filter>HPL\Include\Implementation</Filter>
    </ClInclude>
    <ClInclude Include="HPL\Include\Implementation\LowLevelSystemSDL.h">
      <Filter>HPL\Include\Implementation</Filter>
    </ClInclude>
    <ClInclude Include="HPL\Include\Implementation\MeshLoaderCollada.h">
      <Filter>HPL\Include\Implementation</Filter>
    </ClInclude>
    <ClInclude Include="HPL\Include\Implementation\MeshLoaderMSH.h">
      <Filter>HPL\Include\Implementation</Filter>
    </ClInclude>
    <ClInclude Include="HPL\Include\Implementation\MouseSDL.h">
      <Filter>HPL\Include\Implementation</Filter>
    </ClInclude>
    <ClInclude Include="HPL\Include\Implementation\OcclusionQueryOGL.h">
      <Filter>HPL\Include\Implementation</Filter>
    </ClInclude>
    <ClInclude Include="HPL\Include\Implementation\OpenALSoundChannel.h">
      <Filter>HPL\Include\Implementation</Filter>
    </ClInclude>
    <ClInclude Include="HPL\Include\Implementation\OpenALSoundData.h">
      <Filter>HPL\Include\Implementation</Filter>
    </ClInclude>
    <ClInclude Include="HPL\Include\Implementation\OpenALSoundEnvironment.h">
      <Filter>HPL\Include\Implementation</Filter>
    </ClInclude>
    <ClInclude Include="HPL\Include\Implementation\PBuffer.h">
      <Filter>HPL\Include\Implementation</Filter>
    </ClInclude>
    <ClInclude Include="HPL\Include\Implementation\PhysicsBodyNewton.h">
      <Filter>HPL\Include\Implementation</Filter>
    </ClInclude>
    <ClInclude Include="HPL\Include\Implementation\PhysicsControllerNewton.h">
      <Filter>HPL\Include\Implementation</Filter>
    </ClInclude>
    <ClInclude Include="HPL\Include\Implementation\PhysicsJointBallNewton.h">
      <Filter>HPL\Include\Implementation</Filter>
    </ClInclude>
    <ClInclude Include="HPL\Include\Implementation\PhysicsJointHingeNewton.h">
      <Filter>HPL\Include\Implementation</Filter>
    </ClInclude>
    <ClInclude Include="HPL\Include\Implementation\PhysicsJointNewton.h">
      <Filter>HPL\Include\Implementation</Filter>
    </ClInclude>
    <ClInclude Include="HPL\Include\Implementation\PhysicsJointScrewNewton.h">
      <Filter>HPL\Include\Implementation</Filter>
    </ClInclude>
    <ClInclude Include="HPL\Include\Implementation\PhysicsJointSliderNewton.h">
      <Filter>HPL\Include\Implementation</Filter>
    </ClInclude>
    <ClInclude Include="HPL\Include\Implementation\PhysicsMaterialNewton.h">
      <Filter>HPL\Include\Implementation</Filter>
    </ClInclude>
    <ClInclude Include="HPL\Include\Implementation\PhysicsWorldNewton.h">
      <Filter>HPL\Include\Implementation</Filter>
    </ClInclude>
    <ClInclude Include="HPL\Include\Implementation\Platform.h">
      <Filter>HPL\Include\Implementation</Filter>
    </ClInclude>
    <ClInclude Include="HPL\Include\Implementation\scriptstring.h">
      <Filter>HPL\Include\Implementation</Filter>
    </ClInclude>
    <ClInclude Include="HPL\Include\Implementation\SDLBitmap2D.h">
      <Filter>HPL\Include\Implementation</Filter>
    </ClInclude>
    <ClInclude Include="HPL\Include\Implementation\SDLFontData.h">
      <Filter>HPL\Include\Implementation</Filter>
    </ClInclude>
    <ClInclude Include="HPL\Include\Implementation\SDLGameSetup.h">
      <Filter>HPL\Include\Implementation</Filter>
    </ClInclude>
    <ClInclude Include="HPL\Include\Implementation\SDLPixelFormat.h">
      <Filter>HPL\Include\Implementation</Filter>
    </ClInclude>
    <ClInclude Include="HPL\Include\Implementation\SDLTexture.h">
      <Filter>HPL\Include\Implementation</Filter>
    </ClInclude>
    <ClInclude Include="HPL\Include\Implementation\SqScript.h">
      <Filter>HPL\Include\Implementation</Filter>
    </ClInclude>
    <ClInclude Include="HPL\Include\Implementation\stdstring.h">
      <Filter>HPL\Include\Implementation</Filter>
    </ClInclude>
    <ClInclude Include="HPL\Include\Implementation\VertexBufferOGL.h">
      <Filter>HPL\Include\Implementation</Filter>
    </ClInclude>
    <ClInclude Include="HPL\Include\Implementation\VertexBufferVBO.h">
      <Filter>HPL\Include\Implementation</Filter>
    </ClInclude>
    <ClInclude Include="HPL\Include\Implementation\VideoStreamTheora.h">
      <Filter>HPL\Include\Implementation</Filter>
    </ClInclude>
    <ClInclude Include="HPL\Include\Input\ActionKeyboard.h">
      <Filter>HPL\Include\Input</Filter>
    </ClInclude>
    <ClInclude Include="HPL\Include\Input\ActionMouseButton.h">
      <Filter>HPL\Include\Input</Filter>
    </ClInclude>
    <ClInclude Include="HPL\Include\Input\Input.h">
      <Filter>HPL\Include\Input</Filter>
    </ClInclude>
    <ClInclude Include="HPL\Include\Input\InputDevice.h">
      <Filter>HPL\Include\Input</Filter>
    </ClInclude>
    <ClInclude Include="HPL\Include\Input\InputTypes.h">
      <Filter>HPL\Include\Input</Filter>
    </ClInclude>
    <ClInclude Include="HPL\Include\Input\Keyboard.h">
      <Filter>HPL\Include\Input</Filter>
    </ClInclude>
    <ClInclude Include="HPL\Include\Input\LowLevelInput.h">
      <Filter>HPL\Include\Input</Filter>
    </ClInclude>
    <ClInclude Include="HPL\Include\Input\Mouse.h">
      <Filter>HPL\Include\Input</Filter>
    </ClInclude>
    <ClInclude Include="HPL\Include\Input\Action.h">
      <Filter>HPL\Include\Input</Filter>
    </ClInclude>
    <ClInclude Include="HPL\Include\Input\ActionHaptic.h">
      <Filter>HPL\Include\Input</Filter>
    </ClInclude>
    <ClInclude Include="HPL\Include\Math\MeshTypes.h">
      <Filter>HPL\Include\Math</Filter>
    </ClInclude>
    <ClInclude Include="HPL\Include\Math\PidController.h">
      <Filter>HPL\Include\Math</Filter>
    </ClInclude>
    <ClInclude Include="HPL\Include\Math\Quaternion.h">
      <Filter>HPL\Include\Math</Filter>
    </ClInclude>
    <ClInclude Include="HPL\Include\Math\Spring.h">
      <Filter>HPL\Include\Math</Filter>
    </ClInclude>
    <ClInclude Include="HPL\Include\Math\Vector2.h">
      <Filter>HPL\Include\Math</Filter>
    </ClInclude>
    <ClInclude Include="HPL\Include\Math\Vector3.h">
      <Filter>HPL\Include\Math</Filter>
    </ClInclude>
    <ClInclude Include="HPL\Include\Math\BoundingVolume.h">
      <Filter>HPL\Include\Math</Filter>
    </ClInclude>
    <ClInclude Include="HPL\Include\Math\CRC.h">
      <Filter>HPL\Include\Math</Filter>
    </ClInclude>
    <ClInclude Include="HPL\Include\Math\Frustum.h">
      <Filter>HPL\Include\Math</Filter>
    </ClInclude>
    <ClInclude Include="HPL\Include\Math\Math.h">
      <Filter>HPL\Include\Math</Filter>
    </ClInclude>
    <ClInclude Include="HPL\Include\Math\MathTypes.h">
      <Filter>HPL\Include\Math</Filter>
    </ClInclude>
    <ClInclude Include="HPL\Include\Math\Matrix.h">
      <Filter>HPL\Include\Math</Filter>
    </ClInclude>
    <ClInclude Include="HPL\Include\Physics\CollideShape.h">
      <Filter>HPL\Include\Physics</Filter>
    </ClInclude>
    <ClInclude Include="HPL\Include\Physics\LowLevelPhysics.h">
      <Filter>HPL\Include\Physics</Filter>
    </ClInclude>
    <ClInclude Include="HPL\Include\Physics\Physics.h">
      <Filter>HPL\Include\Physics</Filter>
    </ClInclude>
    <ClInclude Include="HPL\Include\Physics\PhysicsBody.h">
      <Filter>HPL\Include\Physics</Filter>
    </ClInclude>
    <ClInclude Include="HPL\Include\Physics\PhysicsController.h">
      <Filter>HPL\Include\Physics</Filter>
    </ClInclude>
    <ClInclude Include="HPL\Include\Physics\PhysicsJoint.h">
      <Filter>HPL\Include\Physics</Filter>
    </ClInclude>
    <ClInclude Include="HPL\Include\Physics\PhysicsJointBall.h">
      <Filter>HPL\Include\Physics</Filter>
    </ClInclude>
    <ClInclude Include="HPL\Include\Physics\PhysicsJointHinge.h">
      <Filter>HPL\Include\Physics</Filter>
    </ClInclude>
    <ClInclude Include="HPL\Include\Physics\PhysicsJointScrew.h">
      <Filter>HPL\Include\Physics</Filter>
    </ClInclude>
    <ClInclude Include="HPL\Include\Physics\PhysicsJointSlider.h">
      <Filter>HPL\Include\Physics</Filter>
    </ClInclude>
    <ClInclude Include="HPL\Include\Physics\PhysicsMaterial.h">
      <Filter>HPL\Include\Physics</Filter>
    </ClInclude>
    <ClInclude Include="HPL\Include\Physics\PhysicsWorld.h">
      <Filter>HPL\Include\Physics</Filter>
    </ClInclude>
    <ClInclude Include="HPL\Include\Physics\SurfaceData.h">
      <Filter>HPL\Include\Physics</Filter>
    </ClInclude>
    <ClInclude Include="HPL\Include\Physics\Body2D.h">
      <Filter>HPL\Include\Physics</Filter>
    </ClInclude>
    <ClInclude Include="HPL\Include\Physics\CharacterBody.h">
      <Filter>HPL\Include\Physics</Filter>
    </ClInclude>
    <ClInclude Include="HPL\Include\Physics\CollideData.h">
      <Filter>HPL\Include\Physics</Filter>
    </ClInclude>
    <ClInclude Include="HPL\Include\Physics\CollideData2D.h">
      <Filter>HPL\Include\Physics</Filter>
    </ClInclude>
    <ClInclude Include="HPL\Include\Physics\Collider2D.h">
      <Filter>HPL\Include\Physics</Filter>
    </ClInclude>
    <ClInclude Include="HPL\Include\Resources\LanguageFile.h">
      <Filter>HPL\Include\Resources</Filter>
    </ClInclude>
    <ClInclude Include="HPL\Include\Resources\LowLevelResources.h">
      <Filter>HPL\Include\Resources</Filter>
    </ClInclude>
    <ClInclude Include="HPL\Include\Resources\MaterialManager.h">
      <Filter>HPL\Include\Resources</Filter>
    </ClInclude>
    <ClInclude Include="HPL\Include\Resources\MeshLoader.h">
      <Filter>HPL\Include\Resources</Filter>
    </ClInclude>
    <ClInclude Include="HPL\Include\Resources\MeshLoaderHandler.h">
      <Filter>HPL\Include\Resources</Filter>
    </ClInclude>
    <ClInclude Include="HPL\Include\Resources\MeshManager.h">
      <Filter>HPL\Include\Resources</Filter>
    </ClInclude>
    <ClInclude Include="HPL\Include\Resources\ParticleManager.h">
      <Filter>HPL\Include\Resources</Filter>
    </ClInclude>
    <ClInclude Include="HPL\Include\Resources\ResourceBase.h">
      <Filter>HPL\Include\Resources</Filter>
    </ClInclude>
    <ClInclude Include="HPL\Include\Resources\ResourceImage.h">
      <Filter>HPL\Include\Resources</Filter>
    </ClInclude>
    <ClInclude Include="HPL\Include\Resources\ResourceManager.h">
      <Filter>HPL\Include\Resources</Filter>
    </ClInclude>
    <ClInclude Include="HPL\Include\Resources\Resources.h">
      <Filter>HPL\Include\Resources</Filter>
    </ClInclude>
    <ClInclude Include="HPL\Include\Resources\ResourcesTypes.h">
      <Filter>HPL\Include\Resources</Filter>
    </ClInclude>
    <ClInclude Include="HPL\Include\Resources\ScriptManager.h">
      <Filter>HPL\Include\Resources</Filter>
    </ClInclude>
    <ClInclude Include="HPL\Include\Resources\SoundEntityManager.h">
      <Filter>HPL\Include\Resources</Filter>
    </ClInclude>
    <ClInclude Include="HPL\Include\Resources\SoundManager.h">
      <Filter>HPL\Include\Resources</Filter>
    </ClInclude>
    <ClInclude Include="HPL\Include\Resources\TextureManager.h">
      <Filter>HPL\Include\Resources</Filter>
    </ClInclude>
    <ClInclude Include="HPL\Include\Resources\TileSetManager.h">
      <Filter>HPL\Include\Resources</Filter>
    </ClInclude>
    <ClInclude Include="HPL\Include\Resources\VideoManager.h">
      <Filter>HPL\Include\Resources</Filter>
    </ClInclude>
    <ClInclude Include="HPL\Include\Resources\AnimationManager.h">
      <Filter>HPL\Include\Resources</Filter>
    </ClInclude>
    <ClInclude Include="HPL\Include\Resources\ConfigFile.h">
      <Filter>HPL\Include\Resources</Filter>
    </ClInclude>
    <ClInclude Include="HPL\Include\Resources\EntityLoader_Object.h">
      <Filter>HPL\Include\Resources</Filter>
    </ClInclude>
    <ClInclude Include="HPL\Include\Resources\FileSearcher.h">
      <Filter>HPL\Include\Resources</Filter>
    </ClInclude>
    <ClInclude Include="HPL\Include\Resources\FontManager.h">
      <Filter>HPL\Include\Resources</Filter>
    </ClInclude>
    <ClInclude Include="HPL\Include\Resources\FrameBase.h">
      <Filter>HPL\Include\Resources</Filter>
    </ClInclude>
    <ClInclude Include="HPL\Include\Resources\FrameBitmap.h">
      <Filter>HPL\Include\Resources</Filter>
    </ClInclude>
    <ClInclude Include="HPL\Include\Resources\FrameTexture.h">
      <Filter>HPL\Include\Resources</Filter>
    </ClInclude>
    <ClInclude Include="HPL\Include\Resources\GpuProgramManager.h">
      <Filter>HPL\Include\Resources</Filter>
    </ClInclude>
    <ClInclude Include="HPL\Include\Resources\ImageEntityManager.h">
      <Filter>HPL\Include\Resources</Filter>
    </ClInclude>
    <ClInclude Include="HPL\Include\Resources\ImageManager.h">
      <Filter>HPL\Include\Resources</Filter>
    </ClInclude>
    <ClInclude Include="HPL\Include\Scene\Entity3D.h">
      <Filter>HPL\Include\Scene</Filter>
    </ClInclude>
    <ClInclude Include="HPL\Include\Scene\GridMap2D.h">
      <Filter>HPL\Include\Scene</Filter>
    </ClInclude>
    <ClInclude Include="HPL\Include\Scene\ImageEntity.h">
      <Filter>HPL\Include\Scene</Filter>
    </ClInclude>
    <ClInclude Include="HPL\Include\Scene\Light.h">
      <Filter>HPL\Include\Scene</Filter>
    </ClInclude>
    <ClInclude Include="HPL\Include\Scene\Light2D.h">
      <Filter>HPL\Include\Scene</Filter>
    </ClInclude>
    <ClInclude Include="HPL\Include\Scene\Light2DPoint.h">
      <Filter>HPL\Include\Scene</Filter>
    </ClInclude>
    <ClInclude Include="HPL\Include\Scene\Light3D.h">
      <Filter>HPL\Include\Scene</Filter>
    </ClInclude>
    <ClInclude Include="HPL\Include\Scene\Light3DPoint.h">
      <Filter>HPL\Include\Scene</Filter>
    </ClInclude>
    <ClInclude Include="HPL\Include\Scene\Light3DSpot.h">
      <Filter>HPL\Include\Scene</Filter>
    </ClInclude>
    <ClInclude Include="HPL\Include\Scene\MeshEntity.h">
      <Filter>HPL\Include\Scene</Filter>
    </ClInclude>
    <ClInclude Include="HPL\Include\Scene\MultiImageEntity.h">
      <Filter>HPL\Include\Scene</Filter>
    </ClInclude>
    <ClInclude Include="HPL\Include\Scene\Node.h">
      <Filter>HPL\Include\Scene</Filter>
    </ClInclude>
    <ClInclude Include="HPL\Include\Scene\Node2D.h">
      <Filter>HPL\Include\Scene</Filter>
    </ClInclude>
    <ClInclude Include="HPL\Include\Scene\Node3D.h">
      <Filter>HPL\Include\Scene</Filter>
    </ClInclude>
    <ClInclude Include="HPL\Include\Scene\NodeState.h">
      <Filter>HPL\Include\Scene</Filter>
    </ClInclude>
    <ClInclude Include="HPL\Include\Scene\PortalContainer.h">
      <Filter>HPL\Include\Scene</Filter>
    </ClInclude>
    <ClInclude Include="HPL\Include\Scene\RenderableContainer.h">
      <Filter>HPL\Include\Scene</Filter>
    </ClInclude>
    <ClInclude Include="HPL\Include\Scene\Scene.h">
      <Filter>HPL\Include\Scene</Filter>
    </ClInclude>
    <ClInclude Include="HPL\Include\Scene\SectorVisibility.h">
      <Filter>HPL\Include\Scene</Filter>
    </ClInclude>
    <ClInclude Include="HPL\Include\Scene\SoundEntity.h">
      <Filter>HPL\Include\Scene</Filter>
    </ClInclude>
    <ClInclude Include="HPL\Include\Scene\SoundSource.h">
      <Filter>HPL\Include\Scene</Filter>
    </ClInclude>
    <ClInclude Include="HPL\Include\Scene\SubMeshEntity.h">
      <Filter>HPL\Include\Scene</Filter>
    </ClInclude>
    <ClInclude Include="HPL\Include\Scene\Tile.h">
      <Filter>HPL\Include\Scene</Filter>
    </ClInclude>
    <ClInclude Include="HPL\Include\Scene\TileData.h">
      <Filter>HPL\Include\Scene</Filter>
    </ClInclude>
    <ClInclude Include="HPL\Include\Scene\TileLayer.h">
      <Filter>HPL\Include\Scene</Filter>
    </ClInclude>
    <ClInclude Include="HPL\Include\Scene\TileMap.h">
      <Filter>HPL\Include\Scene</Filter>
    </ClInclude>
    <ClInclude Include="HPL\Include\Scene\TileMapIt.h">
      <Filter>HPL\Include\Scene</Filter>
    </ClInclude>
    <ClInclude Include="HPL\Include\Scene\TileMapLineIt.h">
      <Filter>HPL\Include\Scene</Filter>
    </ClInclude>
    <ClInclude Include="HPL\Include\Scene\TileMapRectIt.h">
      <Filter>HPL\Include\Scene</Filter>
    </ClInclude>
    <ClInclude Include="HPL\Include\Scene\TileSet.h">
      <Filter>HPL\Include\Scene</Filter>
    </ClInclude>
    <ClInclude Include="HPL\Include\Scene\World2D.h">
      <Filter>HPL\Include\Scene</Filter>
    </ClInclude>
    <ClInclude Include="HPL\Include\Scene\World3D.h">
      <Filter>HPL\Include\Scene</Filter>
    </ClInclude>
    <ClInclude Include="HPL\Include\Scene\AnimationState.h">
      <Filter>HPL\Include\Scene</Filter>
    </ClInclude>
    <ClInclude Include="HPL\Include\Scene\Area2D.h">
      <Filter>HPL\Include\Scene</Filter>
    </ClInclude>
    <ClInclude Include="HPL\Include\Scene\Camera.h">
      <Filter>HPL\Include\Scene</Filter>
    </ClInclude>
    <ClInclude Include="HPL\Include\Scene\Camera2D.h">
      <Filter>HPL\Include\Scene</Filter>
    </ClInclude>
    <ClInclude Include="HPL\Include\Scene\Camera3D.h">
      <Filter>HPL\Include\Scene</Filter>
    </ClInclude>
    <ClInclude Include="HPL\Include\Scene\ColliderEntity.h">
      <Filter>HPL\Include\Scene</Filter>
    </ClInclude>
    <ClInclude Include="HPL\Include\Scene\Entity.h">
      <Filter>HPL\Include\Scene</Filter>
    </ClInclude>
    <ClInclude Include="HPL\Include\Scene\Entity2D.h">
      <Filter>HPL\Include\Scene</Filter>
    </ClInclude>
    <ClInclude Include="HPL\Include\Sound\SoundEntityData.h">
      <Filter>HPL\Include\Sound</Filter>
    </ClInclude>
    <ClInclude Include="HPL\Include\Sound\SoundEnvironment.h">
      <Filter>HPL\Include\Sound</Filter>
    </ClInclude>
    <ClInclude Include="HPL\Include\Sound\SoundHandler.h">
      <Filter>HPL\Include\Sound</Filter>
    </ClInclude>
    <ClInclude Include="HPL\Include\Sound\LowLevelSound.h">
      <Filter>HPL\Include\Sound</Filter>
    </ClInclude>
    <ClInclude Include="HPL\Include\Sound\MusicHandler.h">
      <Filter>HPL\Include\Sound</Filter>
    </ClInclude>
    <ClInclude Include="HPL\Include\Sound\Sound.h">
      <Filter>HPL\Include\Sound</Filter>
    </ClInclude>
    <ClInclude Include="HPL\Include\Sound\SoundChannel.h">
      <Filter>HPL\Include\Sound</Filter>
    </ClInclude>
    <ClInclude Include="HPL\Include\Sound\SoundData.h">
      <Filter>HPL\Include\Sound</Filter>
    </ClInclude>
    <ClInclude Include="HPL\Include\System\String.h">
      <Filter>HPL\Include\System</Filter>
    </ClInclude>
    <ClInclude Include="HPL\Include\System\System.h">
      <Filter>HPL\Include\System</Filter>
    </ClInclude>
    <ClInclude Include="HPL\Include\System\SystemTypes.h">
      <Filter>HPL\Include\System</Filter>
    </ClInclude>
    <ClInclude Include="HPL\Include\System\BinTree.h">
      <Filter>HPL\Include\System</Filter>
    </ClInclude>
    <ClInclude Include="HPL\Include\System\Container.h">
      <Filter>HPL\Include\System</Filter>
    </ClInclude>
    <ClInclude Include="HPL\Include\System\LogicTimer.h">
      <Filter>HPL\Include\System</Filter>
    </ClInclude>
    <ClInclude Include="HPL\Include\System\LowLevelSystem.h">
      <Filter>HPL\Include\System</Filter>
    </ClInclude>
    <ClInclude Include="HPL\Include\System\MemoryManager.h">
      <Filter>HPL\Include\System</Filter>
    </ClInclude>
    <ClInclude Include="HPL\Include\System\Script.h">
      <Filter>HPL\Include\System</Filter>
    </ClInclude>
    <ClInclude Include="HPL\Include\System\SerializeClass.h">
      <Filter>HPL\Include\System</Filter>
    </ClInclude>
    <ClInclude Include="HPL\Include\HPL.h">
      <Filter>HPL\Include</Filter>
    </ClInclude>
    <ClInclude Include="OALWrapper\Include\OAL_AudioData.h">
      <Filter>OALWrapper\Include</Filter>
    </ClInclude>
    <ClInclude Include="OALWrapper\Include\OAL_Buffer.h">
      <Filter>OALWrapper\Include</Filter>
    </ClInclude>
    <ClInclude Include="OALWrapper\Include\OAL_CustomStream.h">
      <Filter>OALWrapper\Include</Filter>
    </ClInclude>
    <ClInclude Include="OALWrapper\Include\OAL_Device.h">
      <Filter>OALWrapper\Include</Filter>
    </ClInclude>
    <ClInclude Include="OALWrapper\Include\OAL_Effect.h">
      <Filter>OALWrapper\Include</Filter>
    </ClInclude>
    <ClInclude Include="OALWrapper\Include\OAL_Effect_Reverb.h">
      <Filter>OALWrapper\Include</Filter>
    </ClInclude>
    <ClInclude Include="OALWrapper\Include\OAL_EffectSlot.h">
      <Filter>OALWrapper\Include</Filter>
    </ClInclude>
    <ClInclude Include="OALWrapper\Include\OAL_EFX.h">
      <Filter>OALWrapper\Include</Filter>
    </ClInclude>
    <ClInclude Include="OALWrapper\Include\OAL_EFXManager.h">
      <Filter>OALWrapper\Include</Filter>
    </ClInclude>
    <ClInclude Include="OALWrapper\Include\OAL_Filter.h">
      <Filter>OALWrapper\Include</Filter>
    </ClInclude>
    <ClInclude Include="OALWrapper\Include\OAL_Funcs.h">
      <Filter>OALWrapper\Include</Filter>
    </ClInclude>
    <ClInclude Include="OALWrapper\Include\OAL_Helper.h">
      <Filter>OALWrapper\Include</Filter>
    </ClInclude>
    <ClInclude Include="OALWrapper\Include\OAL_Init.h">
      <Filter>OALWrapper\Include</Filter>
    </ClInclude>
    <ClInclude Include="OALWrapper\Include\OAL_Loaders.h">
      <Filter>OALWrapper\Include</Filter>
    </ClInclude>
    <ClInclude Include="OALWrapper\Include\OAL_LoggerObject.h">
      <Filter>OALWrapper\Include</Filter>
    </ClInclude>
    <ClInclude Include="OALWrapper\Include\OAL_LowLevelObject.h">
      <Filter>OALWrapper\Include</Filter>
    </ClInclude>
    <ClInclude Include="OALWrapper\Include\OAL_OggSample.h">
      <Filter>OALWrapper\Include</Filter>
    </ClInclude>
    <ClInclude Include="OALWrapper\Include\OAL_OggStream.h">
      <Filter>OALWrapper\Include</Filter>
    </ClInclude>
    <ClInclude Include="OALWrapper\Include\OAL_Playback.h">
      <Filter>OALWrapper\Include</Filter>
    </ClInclude>
    <ClInclude Include="OALWrapper\Include\OAL_Sample.h">
      <Filter>OALWrapper\Include</Filter>
    </ClInclude>
    <ClInclude Include="OALWrapper\Include\OAL_Source.h">
      <Filter>OALWrapper\Include</Filter>
    </ClInclude>
    <ClInclude Include="OALWrapper\Include\OAL_SourceManager.h">
      <Filter>OALWrapper\Include</Filter>
    </ClInclude>
    <ClInclude Include="OALWrapper\Include\OAL_Stream.h">
      <Filter>OALWrapper\Include</Filter>
    </ClInclude>
    <ClInclude Include="OALWrapper\Include\OAL_Types.h">
      <Filter>OALWrapper\Include</Filter>
    </ClInclude>
    <ClInclude Include="OALWrapper\Include\OAL_WAVSample.h">
      <Filter>OALWrapper\Include</Filter>
    </ClInclude>
    <ClInclude Include="Game\NumericalPanel.h">
      <Filter>Game</Filter>
    </ClInclude>
    <ClInclude Include="Game\Player.h">
      <Filter>Game</Filter>
    </ClInclude>
    <ClInclude Include="Game\PlayerHands.h">
      <Filter>Game</Filter>
    </ClInclude>
    <ClInclude Include="Game\PlayerHelper.h">
      <Filter>Game</Filter>
    </ClInclude>
    <ClInclude Include="Game\PlayerMoveStates.h">
      <Filter>Game</Filter>
    </ClInclude>
    <ClInclude Include="Game\PlayerState.h">
      <Filter>Game</Filter>
    </ClInclude>
    <ClInclude Include="Game\PlayerState_Interact.h">
      <Filter>Game</Filter>
    </ClInclude>
    <ClInclude Include="Game\PlayerState_InteractHaptX.h">
      <Filter>Game</Filter>
    </ClInclude>
    <ClInclude Include="Game\PlayerState_Misc.h">
      <Filter>Game</Filter>
    </ClInclude>
    <ClInclude Include="Game\PlayerState_MiscHaptX.h">
      <Filter>Game</Filter>
    </ClInclude>
    <ClInclude Include="Game\PlayerState_Weapon.h">
      <Filter>Game</Filter>
    </ClInclude>
    <ClInclude Include="Game\PlayerState_WeaponHaptX.h">
      <Filter>Game</Filter>
    </ClInclude>
    <ClInclude Include="Game\PreMenu.h">
      <Filter>Game</Filter>
    </ClInclude>
    <ClInclude Include="Game\RadioHandler.h">
      <Filter>Game</Filter>
    </ClInclude>
    <ClInclude Include="Game\resource.h">
      <Filter>Game</Filter>
    </ClInclude>
    <ClInclude Include="Game\SaveHandler.h">
      <Filter>Game</Filter>
    </ClInclude>
    <ClInclude Include="Game\SaveTypes.h">
      <Filter>Game</Filter>
    </ClInclude>
    <ClInclude Include="Game\StdAfx.h">
      <Filter>Game</Filter>
    </ClInclude>
    <ClInclude Include="Game\TriggerHandler.h">
      <Filter>Game</Filter>
    </ClInclude>
    <ClInclude Include="Game\Triggers.h">
      <Filter>Game</Filter>
    </ClInclude>
    <ClInclude Include="Game\Version.h">
      <Filter>Game</Filter>
    </ClInclude>
    <ClInclude Include="Game\AttackHandler.h">
      <Filter>Game</Filter>
    </ClInclude>
    <ClInclude Include="Game\ButtonHandler.h">
      <Filter>Game</Filter>
    </ClInclude>
    <ClInclude Include="Game\CharacterMove.h">
      <Filter>Game</Filter>
    </ClInclude>
    <ClInclude Include="Game\Credits.h">
      <Filter>Game</Filter>
    </ClInclude>
    <ClInclude Include="Game\DeathMenu.h">
      <Filter>Game</Filter>
    </ClInclude>
    <ClInclude Include="Game\DemoEndText.h">
      <Filter>Game</Filter>
    </ClInclude>
    <ClInclude Include="Game\EffectHandler.h">
      <Filter>Game</Filter>
    </ClInclude>
    <ClInclude Include="Game\FadeHandler.h">
      <Filter>Game</Filter>
    </ClInclude>
    <ClInclude Include="Game\GameArea.h">
      <Filter>Game</Filter>
    </ClInclude>
    <ClInclude Include="Game\GameDamageArea.h">
      <Filter>Game</Filter>
    </ClInclude>
    <ClInclude Include="Game\GameEnemy.h">
      <Filter>Game</Filter>
    </ClInclude>
    <ClInclude Include="Game\GameEnemy_Dog.h">
      <Filter>Game</Filter>
    </ClInclude>
    <ClInclude Include="Game\GameEnemy_Spider.h">
      <Filter>Game</Filter>
    </ClInclude>
    <ClInclude Include="Game\GameEnemy_Worm.h">
      <Filter>Game</Filter>
    </ClInclude>
    <ClInclude Include="Game\GameEntity.h">
      <Filter>Game</Filter>
    </ClInclude>
    <ClInclude Include="Game\GameForceArea.h">
      <Filter>Game</Filter>
    </ClInclude>
    <ClInclude Include="Game\GameItem.h">
      <Filter>Game</Filter>
    </ClInclude>
    <ClInclude Include="Game\GameItemType.h">
      <Filter>Game</Filter>
    </ClInclude>
    <ClInclude Include="Game\GameLadder.h">
      <Filter>Game</Filter>
    </ClInclude>
    <ClInclude Include="Game\GameLamp.h">
      <Filter>Game</Filter>
    </ClInclude>
    <ClInclude Include="Game\GameLink.h">
      <Filter>Game</Filter>
    </ClInclude>
    <ClInclude Include="Game\GameLiquidArea.h">
      <Filter>Game</Filter>
    </ClInclude>
    <ClInclude Include="Game\GameMessageHandler.h">
      <Filter>Game</Filter>
    </ClInclude>
    <ClInclude Include="Game\GameMusicHandler.h">
      <Filter>Game</Filter>
    </ClInclude>
    <ClInclude Include="Game\GameObject.h">
      <Filter>Game</Filter>
    </ClInclude>
    <ClInclude Include="Game\GameSaveArea.h">
      <Filter>Game</Filter>
    </ClInclude>
    <ClInclude Include="Game\GameScripts.h">
      <Filter>Game</Filter>
    </ClInclude>
    <ClInclude Include="Game\GameStickArea.h">
      <Filter>Game</Filter>
    </ClInclude>
    <ClInclude Include="Game\GameSwingDoor.h">
      <Filter>Game</Filter>
    </ClInclude>
    <ClInclude Include="Game\GameTypes.h">
      <Filter>Game</Filter>
    </ClInclude>
    <ClInclude Include="Game\GlobalInit.h">
      <Filter>Game</Filter>
    </ClInclude>
    <ClInclude Include="Game\GraphicsHelper.h">
      <Filter>Game</Filter>
    </ClInclude>
    <ClInclude Include="Game\HapticGameCamera.h">
      <Filter>Game</Filter>
    </ClInclude>
    <ClInclude Include="Game\HudModel_Throw.h">
      <Filter>Game</Filter>
    </ClInclude>
    <ClInclude Include="Game\HudModel_Weapon.h">
      <Filter>Game</Filter>
    </ClInclude>
    <ClInclude Include="Game\Init.h">
      <Filter>Game</Filter>
    </ClInclude>
    <ClInclude Include="Game\IntroStory.h">
      <Filter>Game</Filter>
    </ClInclude>
    <ClInclude Include="Game\Inventory.h">
      <Filter>Game</Filter>
    </ClInclude>
    <ClInclude Include="Game\MainMenu.h">
      <Filter>Game</Filter>
    </ClInclude>
    <ClInclude Include="Game\MapHandler.h">
      <Filter>Game</Filter>
    </ClInclude>
    <ClInclude Include="Game\MapLoadText.h">
      <Filter>Game</Filter>
    </ClInclude>
    <ClInclude Include="Game\Notebook.h">
      <Filter>Game</Filter>
    </ClInclude>
  </ItemGroup>
</Project>